// !$*UTF8*$!
{
	archiveVersion = 1;
	classes = {
	};
	objectVersion = 56;
	objects = {

/* Begin PBXBuildFile section */
		430941782ACB6A3B008566E3 /* PrivacyPolicyView.swift in Sources */ = {isa = PBXBuildFile; fileRef = 430941772ACB6A3B008566E3 /* PrivacyPolicyView.swift */; };
		4309417A2ACB6A9A008566E3 /* FeedbackView.swift in Sources */ = {isa = PBXBuildFile; fileRef = 430941792ACB6A9A008566E3 /* FeedbackView.swift */; };
		43620DEA2ACC4035003FB04E /* FacebookBasics in Frameworks */ = {isa = PBXBuildFile; productRef = 43620DE92ACC4035003FB04E /* FacebookBasics */; };
		43620DEC2ACC4035003FB04E /* FacebookCore in Frameworks */ = {isa = PBXBuildFile; productRef = 43620DEB2ACC4035003FB04E /* FacebookCore */; };
		43ACAC1C2AC6DD8C003ED836 /* StoreKitManager.swift in Sources */ = {isa = PBXBuildFile; fileRef = 43ACAC1B2AC6DD8C003ED836 /* StoreKitManager.swift */; };
		43ADC9402AC2D32400A0781C /* ChangeIconView.swift in Sources */ = {isa = PBXBuildFile; fileRef = 43ADC93F2AC2D32400A0781C /* ChangeIconView.swift */; };
		43ADC9422AC2F4B800A0781C /* Theme.swift in Sources */ = {isa = PBXBuildFile; fileRef = 43ADC9412AC2F4B800A0781C /* Theme.swift */; };
		43ADC9452AC2FDB100A0781C /* ThemesManager.swift in Sources */ = {isa = PBXBuildFile; fileRef = 43ADC9442AC2FDB100A0781C /* ThemesManager.swift */; };
		43C3F8FD2AC59AD30060B81E /* StoreKit.framework in Frameworks */ = {isa = PBXBuildFile; fileRef = 43C3F8FC2AC59AD30060B81E /* StoreKit.framework */; };
		43C3F9192AC5A14C0060B81E /* Words - improve my vocabulary.storekit in Resources */ = {isa = PBXBuildFile; fileRef = 43C3F9182AC5A14C0060B81E /* Words - improve my vocabulary.storekit */; };
		43C3F91E2AC5B1950060B81E /* PremiumStatus.swift in Sources */ = {isa = PBXBuildFile; fileRef = 43C3F91D2AC5B1950060B81E /* PremiumStatus.swift */; };
		43C94F552ACABC5400EDBED6 /* HapticManager.swift in Sources */ = {isa = PBXBuildFile; fileRef = 43C94F542ACABC5400EDBED6 /* HapticManager.swift */; };
		43C94F5A2ACABDE700EDBED6 /* CategoriesView.swift in Sources */ = {isa = PBXBuildFile; fileRef = 43C94F592ACABDE700EDBED6 /* CategoriesView.swift */; };
		43D0942B2ACAC3FF006FB45E /* HapticTestView.swift in Sources */ = {isa = PBXBuildFile; fileRef = 43D0942A2ACAC3FF006FB45E /* HapticTestView.swift */; };
		43DB2E942ABF312C00081BDC /* MakeYourOwnMixView.swift in Sources */ = {isa = PBXBuildFile; fileRef = 43DB2E932ABF312C00081BDC /* MakeYourOwnMixView.swift */; };
		43E943B62AB9CDDF008F79B5 /* VocabularyAppFrameworkApp.swift in Sources */ = {isa = PBXBuildFile; fileRef = 43E943B52AB9CDDF008F79B5 /* VocabularyAppFrameworkApp.swift */; };
		43E943B82AB9CDDF008F79B5 /* Home.swift in Sources */ = {isa = PBXBuildFile; fileRef = 43E943B72AB9CDDF008F79B5 /* Home.swift */; };
		43E943BA2AB9CDE0008F79B5 /* Assets.xcassets in Resources */ = {isa = PBXBuildFile; fileRef = 43E943B92AB9CDE0008F79B5 /* Assets.xcassets */; };
		43E943BD2AB9CDE0008F79B5 /* Preview Assets.xcassets in Resources */ = {isa = PBXBuildFile; fileRef = 43E943BC2AB9CDE0008F79B5 /* Preview Assets.xcassets */; };
		43E943C72AB9CE2C008F79B5 /* HomeViewModel.swift in Sources */ = {isa = PBXBuildFile; fileRef = 43E943C62AB9CE2C008F79B5 /* HomeViewModel.swift */; };
		43E943CB2AB9D189008F79B5 /* CustomButton.swift in Sources */ = {isa = PBXBuildFile; fileRef = 43E943CA2AB9D189008F79B5 /* CustomButton.swift */; };
		43E943D22AB9D62B008F79B5 /* CustomButtonMarked.swift in Sources */ = {isa = PBXBuildFile; fileRef = 43E943D12AB9D62B008F79B5 /* CustomButtonMarked.swift */; };
		43E943D42AB9D821008F79B5 /* CategoryButton.swift in Sources */ = {isa = PBXBuildFile; fileRef = 43E943D32AB9D821008F79B5 /* CategoryButton.swift */; };
		43E943D92AB9E07A008F79B5 /* ThemesView.swift in Sources */ = {isa = PBXBuildFile; fileRef = 43E943D82AB9E07A008F79B5 /* ThemesView.swift */; };
		43E943DB2AB9E18F008F79B5 /* ThemeButton.swift in Sources */ = {isa = PBXBuildFile; fileRef = 43E943DA2AB9E18F008F79B5 /* ThemeButton.swift */; };
		43E943E22ABA123D008F79B5 /* PremiumView.swift in Sources */ = {isa = PBXBuildFile; fileRef = 43E943E12ABA123D008F79B5 /* PremiumView.swift */; };
		43E943E52ABA193C008F79B5 /* Word.swift in Sources */ = {isa = PBXBuildFile; fileRef = 43E943E42ABA193C008F79B5 /* Word.swift */; };
		43E943E72ABA1AD7008F79B5 /* WordView.swift in Sources */ = {isa = PBXBuildFile; fileRef = 43E943E62ABA1AD7008F79B5 /* WordView.swift */; };
		43E943EC2ABAE3F6008F79B5 /* SettingsView.swift in Sources */ = {isa = PBXBuildFile; fileRef = 43E943EB2ABAE3F6008F79B5 /* SettingsView.swift */; };
		43E943EE2ABAF486008F79B5 /* GeneralView.swift in Sources */ = {isa = PBXBuildFile; fileRef = 43E943ED2ABAF486008F79B5 /* GeneralView.swift */; };
		43E943F12ABB28BE008F79B5 /* ManageSubscriptionView.swift in Sources */ = {isa = PBXBuildFile; fileRef = 43E943F02ABB28BE008F79B5 /* ManageSubscriptionView.swift */; };
		43E943F42ABC446F008F79B5 /* words.json in Resources */ = {isa = PBXBuildFile; fileRef = 43E943F32ABC446F008F79B5 /* words.json */; };
		43E943F82ABC460D008F79B5 /* JSONParser.swift in Sources */ = {isa = PBXBuildFile; fileRef = 43E943F72ABC460D008F79B5 /* JSONParser.swift */; };
		43E943FB2ABC7FCD008F79B5 /* WordManager.swift in Sources */ = {isa = PBXBuildFile; fileRef = 43E943FA2ABC7FCD008F79B5 /* WordManager.swift */; };
		43E943FE2ABDAEC9008F79B5 /* Colors.swift in Sources */ = {isa = PBXBuildFile; fileRef = 43E943FD2ABDAEC9008F79B5 /* Colors.swift */; };
		43E944002ABDDC54008F79B5 /* UserDataStorage.swift in Sources */ = {isa = PBXBuildFile; fileRef = 43E943FF2ABDDC54008F79B5 /* UserDataStorage.swift */; };
/* End PBXBuildFile section */

/* Begin PBXCopyFilesBuildPhase section */
		430941962ACC03A4008566E3 /* Embed Foundation Extensions */ = {
			isa = PBXCopyFilesBuildPhase;
			buildActionMask = 2147483647;
			dstPath = "";
			dstSubfolderSpec = 13;
			files = (
			);
			name = "Embed Foundation Extensions";
			runOnlyForDeploymentPostprocessing = 0;
		};
/* End PBXCopyFilesBuildPhase section */

/* Begin PBXFileReference section */
		4302B62F2AC431780067C917 /* Info.plist */ = {isa = PBXFileReference; lastKnownFileType = text.plist.xml; path = Info.plist; sourceTree = "<group>"; };
		430941772ACB6A3B008566E3 /* PrivacyPolicyView.swift */ = {isa = PBXFileReference; lastKnownFileType = sourcecode.swift; path = PrivacyPolicyView.swift; sourceTree = "<group>"; };
		430941792ACB6A9A008566E3 /* FeedbackView.swift */ = {isa = PBXFileReference; lastKnownFileType = sourcecode.swift; path = FeedbackView.swift; sourceTree = "<group>"; };
		430941802ACC03A1008566E3 /* WidgetKit.framework */ = {isa = PBXFileReference; lastKnownFileType = wrapper.framework; name = WidgetKit.framework; path = System/Library/Frameworks/WidgetKit.framework; sourceTree = SDKROOT; };
		430941822ACC03A1008566E3 /* SwiftUI.framework */ = {isa = PBXFileReference; lastKnownFileType = wrapper.framework; name = SwiftUI.framework; path = System/Library/Frameworks/SwiftUI.framework; sourceTree = SDKROOT; };
		43ACAC1B2AC6DD8C003ED836 /* StoreKitManager.swift */ = {isa = PBXFileReference; lastKnownFileType = sourcecode.swift; path = StoreKitManager.swift; sourceTree = "<group>"; };
		43ADC93F2AC2D32400A0781C /* ChangeIconView.swift */ = {isa = PBXFileReference; lastKnownFileType = sourcecode.swift; path = ChangeIconView.swift; sourceTree = "<group>"; };
		43ADC9412AC2F4B800A0781C /* Theme.swift */ = {isa = PBXFileReference; lastKnownFileType = sourcecode.swift; path = Theme.swift; sourceTree = "<group>"; };
		43ADC9442AC2FDB100A0781C /* ThemesManager.swift */ = {isa = PBXFileReference; lastKnownFileType = sourcecode.swift; path = ThemesManager.swift; sourceTree = "<group>"; };
		43C3F8FC2AC59AD30060B81E /* StoreKit.framework */ = {isa = PBXFileReference; lastKnownFileType = wrapper.framework; name = StoreKit.framework; path = System/Library/Frameworks/StoreKit.framework; sourceTree = SDKROOT; };
		43C3F9182AC5A14C0060B81E /* Words - improve my vocabulary.storekit */ = {isa = PBXFileReference; lastKnownFileType = text; path = "Words - improve my vocabulary.storekit"; sourceTree = "<group>"; };
		43C3F91D2AC5B1950060B81E /* PremiumStatus.swift */ = {isa = PBXFileReference; lastKnownFileType = sourcecode.swift; path = PremiumStatus.swift; sourceTree = "<group>"; };
		43C94F542ACABC5400EDBED6 /* HapticManager.swift */ = {isa = PBXFileReference; lastKnownFileType = sourcecode.swift; path = HapticManager.swift; sourceTree = "<group>"; };
		43C94F592ACABDE700EDBED6 /* CategoriesView.swift */ = {isa = PBXFileReference; fileEncoding = 4; lastKnownFileType = sourcecode.swift; path = CategoriesView.swift; sourceTree = "<group>"; };
		43D0942A2ACAC3FF006FB45E /* HapticTestView.swift */ = {isa = PBXFileReference; lastKnownFileType = sourcecode.swift; path = HapticTestView.swift; sourceTree = "<group>"; };
		43DB2E932ABF312C00081BDC /* MakeYourOwnMixView.swift */ = {isa = PBXFileReference; lastKnownFileType = sourcecode.swift; path = MakeYourOwnMixView.swift; sourceTree = "<group>"; };
		43E943B22AB9CDDF008F79B5 /* VocabularyAppFramework.app */ = {isa = PBXFileReference; explicitFileType = wrapper.application; includeInIndex = 0; path = VocabularyAppFramework.app; sourceTree = BUILT_PRODUCTS_DIR; };
		43E943B52AB9CDDF008F79B5 /* VocabularyAppFrameworkApp.swift */ = {isa = PBXFileReference; lastKnownFileType = sourcecode.swift; path = VocabularyAppFrameworkApp.swift; sourceTree = "<group>"; };
		43E943B72AB9CDDF008F79B5 /* Home.swift */ = {isa = PBXFileReference; lastKnownFileType = sourcecode.swift; path = Home.swift; sourceTree = "<group>"; };
		43E943B92AB9CDE0008F79B5 /* Assets.xcassets */ = {isa = PBXFileReference; lastKnownFileType = folder.assetcatalog; path = Assets.xcassets; sourceTree = "<group>"; };
		43E943BC2AB9CDE0008F79B5 /* Preview Assets.xcassets */ = {isa = PBXFileReference; lastKnownFileType = folder.assetcatalog; path = "Preview Assets.xcassets"; sourceTree = "<group>"; };
		43E943C62AB9CE2C008F79B5 /* HomeViewModel.swift */ = {isa = PBXFileReference; lastKnownFileType = sourcecode.swift; path = HomeViewModel.swift; sourceTree = "<group>"; };
		43E943CA2AB9D189008F79B5 /* CustomButton.swift */ = {isa = PBXFileReference; lastKnownFileType = sourcecode.swift; path = CustomButton.swift; sourceTree = "<group>"; };
		43E943D12AB9D62B008F79B5 /* CustomButtonMarked.swift */ = {isa = PBXFileReference; lastKnownFileType = sourcecode.swift; path = CustomButtonMarked.swift; sourceTree = "<group>"; };
		43E943D32AB9D821008F79B5 /* CategoryButton.swift */ = {isa = PBXFileReference; lastKnownFileType = sourcecode.swift; path = CategoryButton.swift; sourceTree = "<group>"; };
		43E943D82AB9E07A008F79B5 /* ThemesView.swift */ = {isa = PBXFileReference; lastKnownFileType = sourcecode.swift; path = ThemesView.swift; sourceTree = "<group>"; };
		43E943DA2AB9E18F008F79B5 /* ThemeButton.swift */ = {isa = PBXFileReference; lastKnownFileType = sourcecode.swift; path = ThemeButton.swift; sourceTree = "<group>"; };
		43E943E12ABA123D008F79B5 /* PremiumView.swift */ = {isa = PBXFileReference; lastKnownFileType = sourcecode.swift; path = PremiumView.swift; sourceTree = "<group>"; };
		43E943E42ABA193C008F79B5 /* Word.swift */ = {isa = PBXFileReference; lastKnownFileType = sourcecode.swift; path = Word.swift; sourceTree = "<group>"; };
		43E943E62ABA1AD7008F79B5 /* WordView.swift */ = {isa = PBXFileReference; lastKnownFileType = sourcecode.swift; path = WordView.swift; sourceTree = "<group>"; };
		43E943EB2ABAE3F6008F79B5 /* SettingsView.swift */ = {isa = PBXFileReference; lastKnownFileType = sourcecode.swift; path = SettingsView.swift; sourceTree = "<group>"; };
		43E943ED2ABAF486008F79B5 /* GeneralView.swift */ = {isa = PBXFileReference; lastKnownFileType = sourcecode.swift; path = GeneralView.swift; sourceTree = "<group>"; };
		43E943F02ABB28BE008F79B5 /* ManageSubscriptionView.swift */ = {isa = PBXFileReference; lastKnownFileType = sourcecode.swift; path = ManageSubscriptionView.swift; sourceTree = "<group>"; };
		43E943F32ABC446F008F79B5 /* words.json */ = {isa = PBXFileReference; fileEncoding = 4; lastKnownFileType = text.json; path = words.json; sourceTree = "<group>"; };
		43E943F72ABC460D008F79B5 /* JSONParser.swift */ = {isa = PBXFileReference; lastKnownFileType = sourcecode.swift; path = JSONParser.swift; sourceTree = "<group>"; };
		43E943FA2ABC7FCD008F79B5 /* WordManager.swift */ = {isa = PBXFileReference; lastKnownFileType = sourcecode.swift; path = WordManager.swift; sourceTree = "<group>"; };
		43E943FD2ABDAEC9008F79B5 /* Colors.swift */ = {isa = PBXFileReference; lastKnownFileType = sourcecode.swift; path = Colors.swift; sourceTree = "<group>"; };
		43E943FF2ABDDC54008F79B5 /* UserDataStorage.swift */ = {isa = PBXFileReference; lastKnownFileType = sourcecode.swift; path = UserDataStorage.swift; sourceTree = "<group>"; };
/* End PBXFileReference section */

/* Begin PBXFrameworksBuildPhase section */
		43E943AF2AB9CDDF008F79B5 /* Frameworks */ = {
			isa = PBXFrameworksBuildPhase;
			buildActionMask = 2147483647;
			files = (
				43C3F8FD2AC59AD30060B81E /* StoreKit.framework in Frameworks */,
				43620DEC2ACC4035003FB04E /* FacebookCore in Frameworks */,
				43620DEA2ACC4035003FB04E /* FacebookBasics in Frameworks */,
			);
			runOnlyForDeploymentPostprocessing = 0;
		};
/* End PBXFrameworksBuildPhase section */

/* Begin PBXGroup section */
		43ADC9432AC2FDA800A0781C /* ThemesManager */ = {
			isa = PBXGroup;
			children = (
				43ADC9442AC2FDB100A0781C /* ThemesManager.swift */,
			);
			path = ThemesManager;
			sourceTree = "<group>";
		};
		43ADC9462AC325CF00A0781C /* Info */ = {
			isa = PBXGroup;
			children = (
				4302B62F2AC431780067C917 /* Info.plist */,
			);
			path = Info;
			sourceTree = "<group>";
		};
		43C3F8F92AC59AC30060B81E /* Frameworks */ = {
			isa = PBXGroup;
			children = (
				43C3F8FC2AC59AD30060B81E /* StoreKit.framework */,
				430941802ACC03A1008566E3 /* WidgetKit.framework */,
				430941822ACC03A1008566E3 /* SwiftUI.framework */,
			);
			name = Frameworks;
			sourceTree = "<group>";
		};
		43C3F91A2AC5A16C0060B81E /* StoreKit */ = {
			isa = PBXGroup;
			children = (
				43C3F9182AC5A14C0060B81E /* Words - improve my vocabulary.storekit */,
				43C3F91D2AC5B1950060B81E /* PremiumStatus.swift */,
				43ACAC1B2AC6DD8C003ED836 /* StoreKitManager.swift */,
			);
			path = StoreKit;
			sourceTree = "<group>";
		};
		43C94F532ACABC4900EDBED6 /* HapticManager */ = {
			isa = PBXGroup;
			children = (
				43C94F542ACABC5400EDBED6 /* HapticManager.swift */,
				43D0942A2ACAC3FF006FB45E /* HapticTestView.swift */,
			);
			path = HapticManager;
			sourceTree = "<group>";
		};
		43C94F562ACABDCE00EDBED6 /* Categories */ = {
			isa = PBXGroup;
			children = (
				43C94F582ACABDDE00EDBED6 /* ViewModel */,
				43C94F572ACABDD900EDBED6 /* View */,
			);
			path = Categories;
			sourceTree = "<group>";
		};
		43C94F572ACABDD900EDBED6 /* View */ = {
			isa = PBXGroup;
			children = (
				43C94F592ACABDE700EDBED6 /* CategoriesView.swift */,
			);
			path = View;
			sourceTree = "<group>";
		};
		43C94F582ACABDDE00EDBED6 /* ViewModel */ = {
			isa = PBXGroup;
			children = (
			);
			path = ViewModel;
			sourceTree = "<group>";
		};
		43DB2E8F2ABF310500081BDC /* Core */ = {
			isa = PBXGroup;
			children = (
				43C94F562ACABDCE00EDBED6 /* Categories */,
				43DB2E902ABF311900081BDC /* MakeYourOwnMix */,
				43E943DE2ABA1227008F79B5 /* Premium */,
				43E943C52AB9CE16008F79B5 /* Home */,
				43E943D52AB9E058008F79B5 /* Themes */,
				43E943E82ABAE3CD008F79B5 /* Settings */,
			);
			path = Core;
			sourceTree = "<group>";
		};
		43DB2E902ABF311900081BDC /* MakeYourOwnMix */ = {
			isa = PBXGroup;
			children = (
				43DB2E922ABF312300081BDC /* View */,
				43DB2E912ABF311F00081BDC /* ViewModel */,
			);
			path = MakeYourOwnMix;
			sourceTree = "<group>";
		};
		43DB2E912ABF311F00081BDC /* ViewModel */ = {
			isa = PBXGroup;
			children = (
			);
			path = ViewModel;
			sourceTree = "<group>";
		};
		43DB2E922ABF312300081BDC /* View */ = {
			isa = PBXGroup;
			children = (
				43DB2E932ABF312C00081BDC /* MakeYourOwnMixView.swift */,
			);
			path = View;
			sourceTree = "<group>";
		};
		43E943A92AB9CDDF008F79B5 = {
			isa = PBXGroup;
			children = (
				43E943B42AB9CDDF008F79B5 /* VocabularyAppFramework */,
				43E943B32AB9CDDF008F79B5 /* Products */,
				43C3F8F92AC59AC30060B81E /* Frameworks */,
			);
			sourceTree = "<group>";
		};
		43E943B32AB9CDDF008F79B5 /* Products */ = {
			isa = PBXGroup;
			children = (
				43E943B22AB9CDDF008F79B5 /* VocabularyAppFramework.app */,
			);
			name = Products;
			sourceTree = "<group>";
		};
		43E943B42AB9CDDF008F79B5 /* VocabularyAppFramework */ = {
			isa = PBXGroup;
			children = (
				43E943B52AB9CDDF008F79B5 /* VocabularyAppFrameworkApp.swift */,
				43E943B92AB9CDE0008F79B5 /* Assets.xcassets */,
				43DB2E8F2ABF310500081BDC /* Core */,
				43E943C82AB9D17A008F79B5 /* Components */,
				43E943F52ABC45FB008F79B5 /* Managers */,
				43E943FC2ABDAEC2008F79B5 /* Extension */,
				43E943E32ABA1931008F79B5 /* Model */,
				43E943F22ABC444D008F79B5 /* Data */,
				43ADC9462AC325CF00A0781C /* Info */,
				43E943BB2AB9CDE0008F79B5 /* Preview Content */,
			);
			path = VocabularyAppFramework;
			sourceTree = "<group>";
		};
		43E943BB2AB9CDE0008F79B5 /* Preview Content */ = {
			isa = PBXGroup;
			children = (
				43E943BC2AB9CDE0008F79B5 /* Preview Assets.xcassets */,
			);
			path = "Preview Content";
			sourceTree = "<group>";
		};
		43E943C32AB9CE0D008F79B5 /* ViewModel */ = {
			isa = PBXGroup;
			children = (
				43E943C62AB9CE2C008F79B5 /* HomeViewModel.swift */,
			);
			path = ViewModel;
			sourceTree = "<group>";
		};
		43E943C42AB9CE14008F79B5 /* View */ = {
			isa = PBXGroup;
			children = (
				43E943B72AB9CDDF008F79B5 /* Home.swift */,
			);
			path = View;
			sourceTree = "<group>";
		};
		43E943C52AB9CE16008F79B5 /* Home */ = {
			isa = PBXGroup;
			children = (
				43E943C32AB9CE0D008F79B5 /* ViewModel */,
				43E943C42AB9CE14008F79B5 /* View */,
			);
			path = Home;
			sourceTree = "<group>";
		};
		43E943C82AB9D17A008F79B5 /* Components */ = {
			isa = PBXGroup;
			children = (
				43E943C92AB9D181008F79B5 /* Buttons */,
				43E943E62ABA1AD7008F79B5 /* WordView.swift */,
			);
			path = Components;
			sourceTree = "<group>";
		};
		43E943C92AB9D181008F79B5 /* Buttons */ = {
			isa = PBXGroup;
			children = (
				43E943CA2AB9D189008F79B5 /* CustomButton.swift */,
				43E943D12AB9D62B008F79B5 /* CustomButtonMarked.swift */,
				43E943D32AB9D821008F79B5 /* CategoryButton.swift */,
				43E943DA2AB9E18F008F79B5 /* ThemeButton.swift */,
			);
			path = Buttons;
			sourceTree = "<group>";
		};
		43E943D52AB9E058008F79B5 /* Themes */ = {
			isa = PBXGroup;
			children = (
				43E943D62AB9E05F008F79B5 /* ViewModel */,
				43E943D72AB9E06E008F79B5 /* View */,
			);
			path = Themes;
			sourceTree = "<group>";
		};
		43E943D62AB9E05F008F79B5 /* ViewModel */ = {
			isa = PBXGroup;
			children = (
			);
			path = ViewModel;
			sourceTree = "<group>";
		};
		43E943D72AB9E06E008F79B5 /* View */ = {
			isa = PBXGroup;
			children = (
				43E943D82AB9E07A008F79B5 /* ThemesView.swift */,
			);
			path = View;
			sourceTree = "<group>";
		};
		43E943DE2ABA1227008F79B5 /* Premium */ = {
			isa = PBXGroup;
			children = (
				43E943DF2ABA122B008F79B5 /* ViewModel */,
				43E943E02ABA1231008F79B5 /* View */,
			);
			path = Premium;
			sourceTree = "<group>";
		};
		43E943DF2ABA122B008F79B5 /* ViewModel */ = {
			isa = PBXGroup;
			children = (
			);
			path = ViewModel;
			sourceTree = "<group>";
		};
		43E943E02ABA1231008F79B5 /* View */ = {
			isa = PBXGroup;
			children = (
				43E943E12ABA123D008F79B5 /* PremiumView.swift */,
			);
			path = View;
			sourceTree = "<group>";
		};
		43E943E32ABA1931008F79B5 /* Model */ = {
			isa = PBXGroup;
			children = (
				43E943E42ABA193C008F79B5 /* Word.swift */,
				43ADC9412AC2F4B800A0781C /* Theme.swift */,
			);
			path = Model;
			sourceTree = "<group>";
		};
		43E943E82ABAE3CD008F79B5 /* Settings */ = {
			isa = PBXGroup;
			children = (
				43E943EA2ABAE3D4008F79B5 /* Views */,
				43E943E92ABAE3D1008F79B5 /* ViewModel */,
				43ADC93F2AC2D32400A0781C /* ChangeIconView.swift */,
			);
			path = Settings;
			sourceTree = "<group>";
		};
		43E943E92ABAE3D1008F79B5 /* ViewModel */ = {
			isa = PBXGroup;
			children = (
			);
			path = ViewModel;
			sourceTree = "<group>";
		};
		43E943EA2ABAE3D4008F79B5 /* Views */ = {
			isa = PBXGroup;
			children = (
				43E943EB2ABAE3F6008F79B5 /* SettingsView.swift */,
				43E943EF2ABAF4B8008F79B5 /* SubViews */,
			);
			path = Views;
			sourceTree = "<group>";
		};
		43E943EF2ABAF4B8008F79B5 /* SubViews */ = {
			isa = PBXGroup;
			children = (
				43E943ED2ABAF486008F79B5 /* GeneralView.swift */,
				43E943F02ABB28BE008F79B5 /* ManageSubscriptionView.swift */,
				430941772ACB6A3B008566E3 /* PrivacyPolicyView.swift */,
				430941792ACB6A9A008566E3 /* FeedbackView.swift */,
			);
			path = SubViews;
			sourceTree = "<group>";
		};
		43E943F22ABC444D008F79B5 /* Data */ = {
			isa = PBXGroup;
			children = (
				43E943F32ABC446F008F79B5 /* words.json */,
			);
			path = Data;
			sourceTree = "<group>";
		};
		43E943F52ABC45FB008F79B5 /* Managers */ = {
			isa = PBXGroup;
			children = (
				43C94F532ACABC4900EDBED6 /* HapticManager */,
				43C3F91A2AC5A16C0060B81E /* StoreKit */,
				43ADC9432AC2FDA800A0781C /* ThemesManager */,
				43E943F92ABC7FC5008F79B5 /* WordManager */,
				43E943F62ABC4603008F79B5 /* JSON */,
				43E943FF2ABDDC54008F79B5 /* UserDataStorage.swift */,
			);
			path = Managers;
			sourceTree = "<group>";
		};
		43E943F62ABC4603008F79B5 /* JSON */ = {
			isa = PBXGroup;
			children = (
				43E943F72ABC460D008F79B5 /* JSONParser.swift */,
			);
			path = JSON;
			sourceTree = "<group>";
		};
		43E943F92ABC7FC5008F79B5 /* WordManager */ = {
			isa = PBXGroup;
			children = (
				43E943FA2ABC7FCD008F79B5 /* WordManager.swift */,
			);
			path = WordManager;
			sourceTree = "<group>";
		};
		43E943FC2ABDAEC2008F79B5 /* Extension */ = {
			isa = PBXGroup;
			children = (
				43E943FD2ABDAEC9008F79B5 /* Colors.swift */,
			);
			path = Extension;
			sourceTree = "<group>";
		};
/* End PBXGroup section */

/* Begin PBXNativeTarget section */
		43E943B12AB9CDDF008F79B5 /* VocabularyAppFramework */ = {
			isa = PBXNativeTarget;
			buildConfigurationList = 43E943C02AB9CDE0008F79B5 /* Build configuration list for PBXNativeTarget "VocabularyAppFramework" */;
			buildPhases = (
				43E943AE2AB9CDDF008F79B5 /* Sources */,
				43E943AF2AB9CDDF008F79B5 /* Frameworks */,
				43E943B02AB9CDDF008F79B5 /* Resources */,
				430941962ACC03A4008566E3 /* Embed Foundation Extensions */,
			);
			buildRules = (
			);
			dependencies = (
			);
			name = VocabularyAppFramework;
			packageProductDependencies = (
				43620DE92ACC4035003FB04E /* FacebookBasics */,
				43620DEB2ACC4035003FB04E /* FacebookCore */,
			);
			productName = VocabularyAppFramework;
			productReference = 43E943B22AB9CDDF008F79B5 /* VocabularyAppFramework.app */;
			productType = "com.apple.product-type.application";
		};
/* End PBXNativeTarget section */

/* Begin PBXProject section */
		43E943AA2AB9CDDF008F79B5 /* Project object */ = {
			isa = PBXProject;
			attributes = {
				BuildIndependentTargetsInParallel = 1;
				LastSwiftUpdateCheck = 1500;
				LastUpgradeCheck = 1500;
				TargetAttributes = {
					43E943B12AB9CDDF008F79B5 = {
						CreatedOnToolsVersion = 14.3.1;
					};
				};
			};
			buildConfigurationList = 43E943AD2AB9CDDF008F79B5 /* Build configuration list for PBXProject "VocabularyAppFramework" */;
			compatibilityVersion = "Xcode 14.0";
			developmentRegion = en;
			hasScannedForEncodings = 0;
			knownRegions = (
				en,
				Base,
			);
			mainGroup = 43E943A92AB9CDDF008F79B5;
			packageReferences = (
				43620DE82ACC4035003FB04E /* XCRemoteSwiftPackageReference "facebook-ios-sdk" */,
			);
			productRefGroup = 43E943B32AB9CDDF008F79B5 /* Products */;
			projectDirPath = "";
			projectRoot = "";
			targets = (
				43E943B12AB9CDDF008F79B5 /* VocabularyAppFramework */,
			);
		};
/* End PBXProject section */

/* Begin PBXResourcesBuildPhase section */
		43E943B02AB9CDDF008F79B5 /* Resources */ = {
			isa = PBXResourcesBuildPhase;
			buildActionMask = 2147483647;
			files = (
				43E943F42ABC446F008F79B5 /* words.json in Resources */,
				43E943BD2AB9CDE0008F79B5 /* Preview Assets.xcassets in Resources */,
				43E943BA2AB9CDE0008F79B5 /* Assets.xcassets in Resources */,
				43C3F9192AC5A14C0060B81E /* Words - improve my vocabulary.storekit in Resources */,
			);
			runOnlyForDeploymentPostprocessing = 0;
		};
/* End PBXResourcesBuildPhase section */

/* Begin PBXSourcesBuildPhase section */
		43E943AE2AB9CDDF008F79B5 /* Sources */ = {
			isa = PBXSourcesBuildPhase;
			buildActionMask = 2147483647;
			files = (
				43E943CB2AB9D189008F79B5 /* CustomButton.swift in Sources */,
				4309417A2ACB6A9A008566E3 /* FeedbackView.swift in Sources */,
				43E943FE2ABDAEC9008F79B5 /* Colors.swift in Sources */,
				43ADC9452AC2FDB100A0781C /* ThemesManager.swift in Sources */,
				43E943B82AB9CDDF008F79B5 /* Home.swift in Sources */,
				43E943F82ABC460D008F79B5 /* JSONParser.swift in Sources */,
				43C3F91E2AC5B1950060B81E /* PremiumStatus.swift in Sources */,
				43C94F5A2ACABDE700EDBED6 /* CategoriesView.swift in Sources */,
				43E943DB2AB9E18F008F79B5 /* ThemeButton.swift in Sources */,
				43ADC9422AC2F4B800A0781C /* Theme.swift in Sources */,
				43E943C72AB9CE2C008F79B5 /* HomeViewModel.swift in Sources */,
				43E943F12ABB28BE008F79B5 /* ManageSubscriptionView.swift in Sources */,
				43E943D92AB9E07A008F79B5 /* ThemesView.swift in Sources */,
				43E943FB2ABC7FCD008F79B5 /* WordManager.swift in Sources */,
				43E943EE2ABAF486008F79B5 /* GeneralView.swift in Sources */,
				43D0942B2ACAC3FF006FB45E /* HapticTestView.swift in Sources */,
				430941782ACB6A3B008566E3 /* PrivacyPolicyView.swift in Sources */,
				43E943E52ABA193C008F79B5 /* Word.swift in Sources */,
				43C94F552ACABC5400EDBED6 /* HapticManager.swift in Sources */,
				43E943E22ABA123D008F79B5 /* PremiumView.swift in Sources */,
				43E943E72ABA1AD7008F79B5 /* WordView.swift in Sources */,
				43E943D42AB9D821008F79B5 /* CategoryButton.swift in Sources */,
				43E943D22AB9D62B008F79B5 /* CustomButtonMarked.swift in Sources */,
				43E944002ABDDC54008F79B5 /* UserDataStorage.swift in Sources */,
				43DB2E942ABF312C00081BDC /* MakeYourOwnMixView.swift in Sources */,
				43ACAC1C2AC6DD8C003ED836 /* StoreKitManager.swift in Sources */,
				43ADC9402AC2D32400A0781C /* ChangeIconView.swift in Sources */,
				43E943B62AB9CDDF008F79B5 /* VocabularyAppFrameworkApp.swift in Sources */,
				43E943EC2ABAE3F6008F79B5 /* SettingsView.swift in Sources */,
			);
			runOnlyForDeploymentPostprocessing = 0;
		};
/* End PBXSourcesBuildPhase section */

/* Begin XCBuildConfiguration section */
		43E943BE2AB9CDE0008F79B5 /* Debug */ = {
			isa = XCBuildConfiguration;
			buildSettings = {
				ALWAYS_SEARCH_USER_PATHS = NO;
				ASSETCATALOG_COMPILER_GENERATE_SWIFT_ASSET_SYMBOL_EXTENSIONS = YES;
				CLANG_ANALYZER_NONNULL = YES;
				CLANG_ANALYZER_NUMBER_OBJECT_CONVERSION = YES_AGGRESSIVE;
				CLANG_CXX_LANGUAGE_STANDARD = "gnu++20";
				CLANG_ENABLE_MODULES = YES;
				CLANG_ENABLE_OBJC_ARC = YES;
				CLANG_ENABLE_OBJC_WEAK = YES;
				CLANG_WARN_BLOCK_CAPTURE_AUTORELEASING = YES;
				CLANG_WARN_BOOL_CONVERSION = YES;
				CLANG_WARN_COMMA = YES;
				CLANG_WARN_CONSTANT_CONVERSION = YES;
				CLANG_WARN_DEPRECATED_OBJC_IMPLEMENTATIONS = YES;
				CLANG_WARN_DIRECT_OBJC_ISA_USAGE = YES_ERROR;
				CLANG_WARN_DOCUMENTATION_COMMENTS = YES;
				CLANG_WARN_EMPTY_BODY = YES;
				CLANG_WARN_ENUM_CONVERSION = YES;
				CLANG_WARN_INFINITE_RECURSION = YES;
				CLANG_WARN_INT_CONVERSION = YES;
				CLANG_WARN_NON_LITERAL_NULL_CONVERSION = YES;
				CLANG_WARN_OBJC_IMPLICIT_RETAIN_SELF = YES;
				CLANG_WARN_OBJC_LITERAL_CONVERSION = YES;
				CLANG_WARN_OBJC_ROOT_CLASS = YES_ERROR;
				CLANG_WARN_QUOTED_INCLUDE_IN_FRAMEWORK_HEADER = YES;
				CLANG_WARN_RANGE_LOOP_ANALYSIS = YES;
				CLANG_WARN_STRICT_PROTOTYPES = YES;
				CLANG_WARN_SUSPICIOUS_MOVE = YES;
				CLANG_WARN_UNGUARDED_AVAILABILITY = YES_AGGRESSIVE;
				CLANG_WARN_UNREACHABLE_CODE = YES;
				CLANG_WARN__DUPLICATE_METHOD_MATCH = YES;
				COPY_PHASE_STRIP = NO;
				DEBUG_INFORMATION_FORMAT = dwarf;
				ENABLE_STRICT_OBJC_MSGSEND = YES;
				ENABLE_TESTABILITY = YES;
				ENABLE_USER_SCRIPT_SANDBOXING = YES;
				GCC_C_LANGUAGE_STANDARD = gnu11;
				GCC_DYNAMIC_NO_PIC = NO;
				GCC_NO_COMMON_BLOCKS = YES;
				GCC_OPTIMIZATION_LEVEL = 0;
				GCC_PREPROCESSOR_DEFINITIONS = (
					"DEBUG=1",
					"$(inherited)",
				);
				GCC_WARN_64_TO_32_BIT_CONVERSION = YES;
				GCC_WARN_ABOUT_RETURN_TYPE = YES_ERROR;
				GCC_WARN_UNDECLARED_SELECTOR = YES;
				GCC_WARN_UNINITIALIZED_AUTOS = YES_AGGRESSIVE;
				GCC_WARN_UNUSED_FUNCTION = YES;
				GCC_WARN_UNUSED_VARIABLE = YES;
				IPHONEOS_DEPLOYMENT_TARGET = 16.4;
				MTL_ENABLE_DEBUG_INFO = INCLUDE_SOURCE;
				MTL_FAST_MATH = YES;
				ONLY_ACTIVE_ARCH = YES;
				SDKROOT = iphoneos;
				SWIFT_ACTIVE_COMPILATION_CONDITIONS = DEBUG;
				SWIFT_OPTIMIZATION_LEVEL = "-Onone";
			};
			name = Debug;
		};
		43E943BF2AB9CDE0008F79B5 /* Release */ = {
			isa = XCBuildConfiguration;
			buildSettings = {
				ALWAYS_SEARCH_USER_PATHS = NO;
				ASSETCATALOG_COMPILER_GENERATE_SWIFT_ASSET_SYMBOL_EXTENSIONS = YES;
				CLANG_ANALYZER_NONNULL = YES;
				CLANG_ANALYZER_NUMBER_OBJECT_CONVERSION = YES_AGGRESSIVE;
				CLANG_CXX_LANGUAGE_STANDARD = "gnu++20";
				CLANG_ENABLE_MODULES = YES;
				CLANG_ENABLE_OBJC_ARC = YES;
				CLANG_ENABLE_OBJC_WEAK = YES;
				CLANG_WARN_BLOCK_CAPTURE_AUTORELEASING = YES;
				CLANG_WARN_BOOL_CONVERSION = YES;
				CLANG_WARN_COMMA = YES;
				CLANG_WARN_CONSTANT_CONVERSION = YES;
				CLANG_WARN_DEPRECATED_OBJC_IMPLEMENTATIONS = YES;
				CLANG_WARN_DIRECT_OBJC_ISA_USAGE = YES_ERROR;
				CLANG_WARN_DOCUMENTATION_COMMENTS = YES;
				CLANG_WARN_EMPTY_BODY = YES;
				CLANG_WARN_ENUM_CONVERSION = YES;
				CLANG_WARN_INFINITE_RECURSION = YES;
				CLANG_WARN_INT_CONVERSION = YES;
				CLANG_WARN_NON_LITERAL_NULL_CONVERSION = YES;
				CLANG_WARN_OBJC_IMPLICIT_RETAIN_SELF = YES;
				CLANG_WARN_OBJC_LITERAL_CONVERSION = YES;
				CLANG_WARN_OBJC_ROOT_CLASS = YES_ERROR;
				CLANG_WARN_QUOTED_INCLUDE_IN_FRAMEWORK_HEADER = YES;
				CLANG_WARN_RANGE_LOOP_ANALYSIS = YES;
				CLANG_WARN_STRICT_PROTOTYPES = YES;
				CLANG_WARN_SUSPICIOUS_MOVE = YES;
				CLANG_WARN_UNGUARDED_AVAILABILITY = YES_AGGRESSIVE;
				CLANG_WARN_UNREACHABLE_CODE = YES;
				CLANG_WARN__DUPLICATE_METHOD_MATCH = YES;
				COPY_PHASE_STRIP = NO;
				DEBUG_INFORMATION_FORMAT = "dwarf-with-dsym";
				ENABLE_NS_ASSERTIONS = NO;
				ENABLE_STRICT_OBJC_MSGSEND = YES;
				ENABLE_USER_SCRIPT_SANDBOXING = YES;
				GCC_C_LANGUAGE_STANDARD = gnu11;
				GCC_NO_COMMON_BLOCKS = YES;
				GCC_WARN_64_TO_32_BIT_CONVERSION = YES;
				GCC_WARN_ABOUT_RETURN_TYPE = YES_ERROR;
				GCC_WARN_UNDECLARED_SELECTOR = YES;
				GCC_WARN_UNINITIALIZED_AUTOS = YES_AGGRESSIVE;
				GCC_WARN_UNUSED_FUNCTION = YES;
				GCC_WARN_UNUSED_VARIABLE = YES;
				IPHONEOS_DEPLOYMENT_TARGET = 16.4;
				MTL_ENABLE_DEBUG_INFO = NO;
				MTL_FAST_MATH = YES;
				SDKROOT = iphoneos;
				SWIFT_COMPILATION_MODE = wholemodule;
				SWIFT_OPTIMIZATION_LEVEL = "-O";
				VALIDATE_PRODUCT = YES;
			};
			name = Release;
		};
		43E943C12AB9CDE0008F79B5 /* Debug */ = {
			isa = XCBuildConfiguration;
			buildSettings = {
				ASSETCATALOG_COMPILER_ALTERNATE_APPICON_NAMES = "AppIcon1 AppIcon2 AppIcon3 AppIcon4 AppIcon5 AppIcon6 AppIcon7 AppIcon8 AppIcon9 AppIcon10 AppIcon11 AppIcon12 AppIcon13 AppIcon14 AppIcon15 AppIcon16 AppIcon17 AppIcon18 AppIcon19 AppIcon20 AppIcon21 AppIcon22 AppIcon25 AppIcon24 AppIcon23";
				ASSETCATALOG_COMPILER_APPICON_NAME = AppIcon;
				ASSETCATALOG_COMPILER_GLOBAL_ACCENT_COLOR_NAME = AccentColor;
				ASSETCATALOG_COMPILER_INCLUDE_ALL_APPICON_ASSETS = YES;
				CODE_SIGN_STYLE = Automatic;
				CURRENT_PROJECT_VERSION = 1.4;
				DEVELOPMENT_ASSET_PATHS = "\"VocabularyAppFramework/Preview Content\"";
				DEVELOPMENT_TEAM = YA24P24868;
				ENABLE_PREVIEWS = YES;
				GENERATE_INFOPLIST_FILE = YES;
				INFOPLIST_FILE = VocabularyAppFramework/Info.plist;
				INFOPLIST_KEY_CFBundleDisplayName = Words;
				INFOPLIST_KEY_LSApplicationCategoryType = "public.app-category.education";
				INFOPLIST_KEY_UIApplicationSceneManifest_Generation = YES;
				INFOPLIST_KEY_UIApplicationSupportsIndirectInputEvents = YES;
				INFOPLIST_KEY_UILaunchScreen_Generation = YES;
				INFOPLIST_KEY_UISupportedInterfaceOrientations_iPad = "UIInterfaceOrientationPortrait UIInterfaceOrientationPortraitUpsideDown UIInterfaceOrientationLandscapeLeft UIInterfaceOrientationLandscapeRight";
				INFOPLIST_KEY_UISupportedInterfaceOrientations_iPhone = "UIInterfaceOrientationPortrait UIInterfaceOrientationLandscapeLeft UIInterfaceOrientationLandscapeRight";
				INFOPLIST_KEY_UIUserInterfaceStyle = Light;
				IPHONEOS_DEPLOYMENT_TARGET = 16.4;
				LD_RUNPATH_SEARCH_PATHS = (
					"$(inherited)",
					"@executable_path/Frameworks",
				);
				MARKETING_VERSION = 1.0;
				PRODUCT_BUNDLE_IDENTIFIER = com.cortex.VocabularyAppFramework;
				PRODUCT_NAME = "$(TARGET_NAME)";
				SWIFT_EMIT_LOC_STRINGS = YES;
				SWIFT_VERSION = 5.0;
				TARGETED_DEVICE_FAMILY = "1,2";
			};
			name = Debug;
		};
		43E943C22AB9CDE0008F79B5 /* Release */ = {
			isa = XCBuildConfiguration;
			buildSettings = {
				ASSETCATALOG_COMPILER_ALTERNATE_APPICON_NAMES = "AppIcon1 AppIcon2 AppIcon3 AppIcon4 AppIcon5 AppIcon6 AppIcon7 AppIcon8 AppIcon9 AppIcon10 AppIcon11 AppIcon12 AppIcon13 AppIcon14 AppIcon15 AppIcon16 AppIcon17 AppIcon18 AppIcon19 AppIcon20 AppIcon21 AppIcon22 AppIcon25 AppIcon24 AppIcon23";
				ASSETCATALOG_COMPILER_APPICON_NAME = AppIcon;
				ASSETCATALOG_COMPILER_GLOBAL_ACCENT_COLOR_NAME = AccentColor;
				ASSETCATALOG_COMPILER_INCLUDE_ALL_APPICON_ASSETS = YES;
				CODE_SIGN_STYLE = Automatic;
				CURRENT_PROJECT_VERSION = 1.4;
				DEVELOPMENT_ASSET_PATHS = "\"VocabularyAppFramework/Preview Content\"";
				DEVELOPMENT_TEAM = YA24P24868;
				ENABLE_PREVIEWS = YES;
				GENERATE_INFOPLIST_FILE = YES;
				INFOPLIST_FILE = VocabularyAppFramework/Info.plist;
				INFOPLIST_KEY_CFBundleDisplayName = Words;
				INFOPLIST_KEY_LSApplicationCategoryType = "public.app-category.education";
				INFOPLIST_KEY_UIApplicationSceneManifest_Generation = YES;
				INFOPLIST_KEY_UIApplicationSupportsIndirectInputEvents = YES;
				INFOPLIST_KEY_UILaunchScreen_Generation = YES;
				INFOPLIST_KEY_UISupportedInterfaceOrientations_iPad = "UIInterfaceOrientationPortrait UIInterfaceOrientationPortraitUpsideDown UIInterfaceOrientationLandscapeLeft UIInterfaceOrientationLandscapeRight";
				INFOPLIST_KEY_UISupportedInterfaceOrientations_iPhone = "UIInterfaceOrientationPortrait UIInterfaceOrientationLandscapeLeft UIInterfaceOrientationLandscapeRight";
				INFOPLIST_KEY_UIUserInterfaceStyle = Light;
				IPHONEOS_DEPLOYMENT_TARGET = 16.4;
				LD_RUNPATH_SEARCH_PATHS = (
					"$(inherited)",
					"@executable_path/Frameworks",
				);
				MARKETING_VERSION = 1.0;
				PRODUCT_BUNDLE_IDENTIFIER = com.cortex.VocabularyAppFramework;
				PRODUCT_NAME = "$(TARGET_NAME)";
				SWIFT_EMIT_LOC_STRINGS = YES;
				SWIFT_VERSION = 5.0;
				TARGETED_DEVICE_FAMILY = "1,2";
			};
			name = Release;
		};
/* End XCBuildConfiguration section */

/* Begin XCConfigurationList section */
		43E943AD2AB9CDDF008F79B5 /* Build configuration list for PBXProject "VocabularyAppFramework" */ = {
			isa = XCConfigurationList;
			buildConfigurations = (
				43E943BE2AB9CDE0008F79B5 /* Debug */,
				43E943BF2AB9CDE0008F79B5 /* Release */,
			);
			defaultConfigurationIsVisible = 0;
			defaultConfigurationName = Release;
		};
		43E943C02AB9CDE0008F79B5 /* Build configuration list for PBXNativeTarget "VocabularyAppFramework" */ = {
			isa = XCConfigurationList;
			buildConfigurations = (
				43E943C12AB9CDE0008F79B5 /* Debug */,
				43E943C22AB9CDE0008F79B5 /* Release */,
			);
			defaultConfigurationIsVisible = 0;
			defaultConfigurationName = Release;
		};
/* End XCConfigurationList section */

/* Begin XCRemoteSwiftPackageReference section */
		43620DE82ACC4035003FB04E /* XCRemoteSwiftPackageReference "facebook-ios-sdk" */ = {
			isa = XCRemoteSwiftPackageReference;
			repositoryURL = "https://github.com/facebook/facebook-ios-sdk";
			requirement = {
				kind = upToNextMajorVersion;
				minimumVersion = 14.1.0;
			};
		};
/* End XCRemoteSwiftPackageReference section */

/* Begin XCSwiftPackageProductDependency section */
		43620DE92ACC4035003FB04E /* FacebookBasics */ = {
			isa = XCSwiftPackageProductDependency;
			package = 43620DE82ACC4035003FB04E /* XCRemoteSwiftPackageReference "facebook-ios-sdk" */;
			productName = FacebookBasics;
		};
		43620DEB2ACC4035003FB04E /* FacebookCore */ = {
			isa = XCSwiftPackageProductDependency;
			package = 43620DE82ACC4035003FB04E /* XCRemoteSwiftPackageReference "facebook-ios-sdk" */;
			productName = FacebookCore;
		};
/* End XCSwiftPackageProductDependency section */
	};
	rootObject = 43E943AA2AB9CDDF008F79B5 /* Project object */;
}
