// !$*UTF8*$!
{
	archiveVersion = 1;
	classes = {
	};
	objectVersion = 56;
	objects = {

/* Begin PBXBuildFile section */
		4302B6452AC4320B0067C917 /* Roboto.ttf in Resources */ = {isa = PBXBuildFile; fileRef = 4302B6322AC4320B0067C917 /* Roboto.ttf */; };
		4302B6462AC4320B0067C917 /* RobotoMono-Italic-VariableFont_wght.ttf in Resources */ = {isa = PBXBuildFile; fileRef = 4302B6332AC4320B0067C917 /* RobotoMono-Italic-VariableFont_wght.ttf */; };
		4302B6472AC4320B0067C917 /* RobotoMono-Medium.ttf in Resources */ = {isa = PBXBuildFile; fileRef = 4302B6352AC4320B0067C917 /* RobotoMono-Medium.ttf */; };
		4302B6482AC4320B0067C917 /* RobotoMono-SemiBold.ttf in Resources */ = {isa = PBXBuildFile; fileRef = 4302B6362AC4320B0067C917 /* RobotoMono-SemiBold.ttf */; };
		4302B6492AC4320B0067C917 /* RobotoMono-SemiBoldItalic.ttf in Resources */ = {isa = PBXBuildFile; fileRef = 4302B6372AC4320B0067C917 /* RobotoMono-SemiBoldItalic.ttf */; };
		4302B64A2AC4320B0067C917 /* RobotoMono-Regular.ttf in Resources */ = {isa = PBXBuildFile; fileRef = 4302B6382AC4320B0067C917 /* RobotoMono-Regular.ttf */; };
		4302B64B2AC4320B0067C917 /* RobotoMono-LightItalic.ttf in Resources */ = {isa = PBXBuildFile; fileRef = 4302B6392AC4320B0067C917 /* RobotoMono-LightItalic.ttf */; };
		4302B64C2AC4320B0067C917 /* RobotoMono-BoldItalic.ttf in Resources */ = {isa = PBXBuildFile; fileRef = 4302B63A2AC4320B0067C917 /* RobotoMono-BoldItalic.ttf */; };
		4302B64D2AC4320B0067C917 /* RobotoMono-ExtraLight.ttf in Resources */ = {isa = PBXBuildFile; fileRef = 4302B63B2AC4320B0067C917 /* RobotoMono-ExtraLight.ttf */; };
		4302B64E2AC4320B0067C917 /* RobotoMono-ThinItalic.ttf in Resources */ = {isa = PBXBuildFile; fileRef = 4302B63C2AC4320B0067C917 /* RobotoMono-ThinItalic.ttf */; };
		4302B64F2AC4320B0067C917 /* RobotoMono-ExtraLightItalic.ttf in Resources */ = {isa = PBXBuildFile; fileRef = 4302B63D2AC4320B0067C917 /* RobotoMono-ExtraLightItalic.ttf */; };
		4302B6502AC4320B0067C917 /* RobotoMono-Light.ttf in Resources */ = {isa = PBXBuildFile; fileRef = 4302B63E2AC4320B0067C917 /* RobotoMono-Light.ttf */; };
		4302B6512AC4320B0067C917 /* RobotoMono-MediumItalic.ttf in Resources */ = {isa = PBXBuildFile; fileRef = 4302B63F2AC4320B0067C917 /* RobotoMono-MediumItalic.ttf */; };
		4302B6522AC4320B0067C917 /* RobotoMono-Bold.ttf in Resources */ = {isa = PBXBuildFile; fileRef = 4302B6402AC4320B0067C917 /* RobotoMono-Bold.ttf */; };
		4302B6532AC4320B0067C917 /* RobotoMono-Italic.ttf in Resources */ = {isa = PBXBuildFile; fileRef = 4302B6412AC4320B0067C917 /* RobotoMono-Italic.ttf */; };
		4302B6542AC4320B0067C917 /* RobotoMono-Thin.ttf in Resources */ = {isa = PBXBuildFile; fileRef = 4302B6422AC4320B0067C917 /* RobotoMono-Thin.ttf */; };
		4302B6552AC4320B0067C917 /* README.txt in Resources */ = {isa = PBXBuildFile; fileRef = 4302B6432AC4320B0067C917 /* README.txt */; };
		4302B6562AC4320B0067C917 /* LICENSE.txt in Resources */ = {isa = PBXBuildFile; fileRef = 4302B6442AC4320B0067C917 /* LICENSE.txt */; };
		43ADC9402AC2D32400A0781C /* ChangeIconView.swift in Sources */ = {isa = PBXBuildFile; fileRef = 43ADC93F2AC2D32400A0781C /* ChangeIconView.swift */; };
		43ADC9422AC2F4B800A0781C /* Theme.swift in Sources */ = {isa = PBXBuildFile; fileRef = 43ADC9412AC2F4B800A0781C /* Theme.swift */; };
		43ADC9452AC2FDB100A0781C /* ThemesManager.swift in Sources */ = {isa = PBXBuildFile; fileRef = 43ADC9442AC2FDB100A0781C /* ThemesManager.swift */; };
		43ADC95A2AC42E4800A0781C /* SortsMillGoudy-Regular.ttf in Resources */ = {isa = PBXBuildFile; fileRef = 43ADC9572AC42E4800A0781C /* SortsMillGoudy-Regular.ttf */; };
		43ADC95C2AC42E4800A0781C /* SortsMillGoudy-Italic.ttf in Resources */ = {isa = PBXBuildFile; fileRef = 43ADC9592AC42E4800A0781C /* SortsMillGoudy-Italic.ttf */; };
		43ADC95E2AC42F1300A0781C /* FontsTestView.swift in Sources */ = {isa = PBXBuildFile; fileRef = 43ADC95D2AC42F1300A0781C /* FontsTestView.swift */; };
		43DB2E942ABF312C00081BDC /* MakeYourOwnMixView.swift in Sources */ = {isa = PBXBuildFile; fileRef = 43DB2E932ABF312C00081BDC /* MakeYourOwnMixView.swift */; };
		43E943B62AB9CDDF008F79B5 /* VocabularyAppFrameworkApp.swift in Sources */ = {isa = PBXBuildFile; fileRef = 43E943B52AB9CDDF008F79B5 /* VocabularyAppFrameworkApp.swift */; };
		43E943B82AB9CDDF008F79B5 /* Home.swift in Sources */ = {isa = PBXBuildFile; fileRef = 43E943B72AB9CDDF008F79B5 /* Home.swift */; };
		43E943BA2AB9CDE0008F79B5 /* Assets.xcassets in Resources */ = {isa = PBXBuildFile; fileRef = 43E943B92AB9CDE0008F79B5 /* Assets.xcassets */; };
		43E943BD2AB9CDE0008F79B5 /* Preview Assets.xcassets in Resources */ = {isa = PBXBuildFile; fileRef = 43E943BC2AB9CDE0008F79B5 /* Preview Assets.xcassets */; };
		43E943C72AB9CE2C008F79B5 /* HomeViewModel.swift in Sources */ = {isa = PBXBuildFile; fileRef = 43E943C62AB9CE2C008F79B5 /* HomeViewModel.swift */; };
		43E943CB2AB9D189008F79B5 /* CustomButton.swift in Sources */ = {isa = PBXBuildFile; fileRef = 43E943CA2AB9D189008F79B5 /* CustomButton.swift */; };
		43E943D02AB9D50F008F79B5 /* CategoriesView.swift in Sources */ = {isa = PBXBuildFile; fileRef = 43E943CF2AB9D50F008F79B5 /* CategoriesView.swift */; };
		43E943D22AB9D62B008F79B5 /* CustomButtonMarked.swift in Sources */ = {isa = PBXBuildFile; fileRef = 43E943D12AB9D62B008F79B5 /* CustomButtonMarked.swift */; };
		43E943D42AB9D821008F79B5 /* CategoryButton.swift in Sources */ = {isa = PBXBuildFile; fileRef = 43E943D32AB9D821008F79B5 /* CategoryButton.swift */; };
		43E943D92AB9E07A008F79B5 /* ThemesView.swift in Sources */ = {isa = PBXBuildFile; fileRef = 43E943D82AB9E07A008F79B5 /* ThemesView.swift */; };
		43E943DB2AB9E18F008F79B5 /* ThemeButton.swift in Sources */ = {isa = PBXBuildFile; fileRef = 43E943DA2AB9E18F008F79B5 /* ThemeButton.swift */; };
		43E943E22ABA123D008F79B5 /* PremiumView.swift in Sources */ = {isa = PBXBuildFile; fileRef = 43E943E12ABA123D008F79B5 /* PremiumView.swift */; };
		43E943E52ABA193C008F79B5 /* Word.swift in Sources */ = {isa = PBXBuildFile; fileRef = 43E943E42ABA193C008F79B5 /* Word.swift */; };
		43E943E72ABA1AD7008F79B5 /* WordView.swift in Sources */ = {isa = PBXBuildFile; fileRef = 43E943E62ABA1AD7008F79B5 /* WordView.swift */; };
		43E943EC2ABAE3F6008F79B5 /* SettingsView.swift in Sources */ = {isa = PBXBuildFile; fileRef = 43E943EB2ABAE3F6008F79B5 /* SettingsView.swift */; };
		43E943EE2ABAF486008F79B5 /* GeneralView.swift in Sources */ = {isa = PBXBuildFile; fileRef = 43E943ED2ABAF486008F79B5 /* GeneralView.swift */; };
		43E943F12ABB28BE008F79B5 /* ManageSubscriptionView.swift in Sources */ = {isa = PBXBuildFile; fileRef = 43E943F02ABB28BE008F79B5 /* ManageSubscriptionView.swift */; };
		43E943F42ABC446F008F79B5 /* words.json in Resources */ = {isa = PBXBuildFile; fileRef = 43E943F32ABC446F008F79B5 /* words.json */; };
		43E943F82ABC460D008F79B5 /* JSONParser.swift in Sources */ = {isa = PBXBuildFile; fileRef = 43E943F72ABC460D008F79B5 /* JSONParser.swift */; };
		43E943FB2ABC7FCD008F79B5 /* WordManager.swift in Sources */ = {isa = PBXBuildFile; fileRef = 43E943FA2ABC7FCD008F79B5 /* WordManager.swift */; };
		43E943FE2ABDAEC9008F79B5 /* Colors.swift in Sources */ = {isa = PBXBuildFile; fileRef = 43E943FD2ABDAEC9008F79B5 /* Colors.swift */; };
		43E944002ABDDC54008F79B5 /* UserDataStorage.swift in Sources */ = {isa = PBXBuildFile; fileRef = 43E943FF2ABDDC54008F79B5 /* UserDataStorage.swift */; };
/* End PBXBuildFile section */

/* Begin PBXFileReference section */
		4302B62F2AC431780067C917 /* Info.plist */ = {isa = PBXFileReference; lastKnownFileType = text.plist.xml; path = Info.plist; sourceTree = "<group>"; };
		4302B6322AC4320B0067C917 /* Roboto.ttf */ = {isa = PBXFileReference; lastKnownFileType = file; name = Roboto.ttf; path = VocabularyAppFramework/Components/Fonts/Roboto_Mono/Roboto.ttf; sourceTree = SOURCE_ROOT; };
		4302B6332AC4320B0067C917 /* RobotoMono-Italic-VariableFont_wght.ttf */ = {isa = PBXFileReference; lastKnownFileType = file; path = "RobotoMono-Italic-VariableFont_wght.ttf"; sourceTree = "<group>"; };
		4302B6352AC4320B0067C917 /* RobotoMono-Medium.ttf */ = {isa = PBXFileReference; lastKnownFileType = file; path = "RobotoMono-Medium.ttf"; sourceTree = "<group>"; };
		4302B6362AC4320B0067C917 /* RobotoMono-SemiBold.ttf */ = {isa = PBXFileReference; lastKnownFileType = file; path = "RobotoMono-SemiBold.ttf"; sourceTree = "<group>"; };
		4302B6372AC4320B0067C917 /* RobotoMono-SemiBoldItalic.ttf */ = {isa = PBXFileReference; lastKnownFileType = file; path = "RobotoMono-SemiBoldItalic.ttf"; sourceTree = "<group>"; };
		4302B6382AC4320B0067C917 /* RobotoMono-Regular.ttf */ = {isa = PBXFileReference; lastKnownFileType = file; path = "RobotoMono-Regular.ttf"; sourceTree = "<group>"; };
		4302B6392AC4320B0067C917 /* RobotoMono-LightItalic.ttf */ = {isa = PBXFileReference; lastKnownFileType = file; path = "RobotoMono-LightItalic.ttf"; sourceTree = "<group>"; };
		4302B63A2AC4320B0067C917 /* RobotoMono-BoldItalic.ttf */ = {isa = PBXFileReference; lastKnownFileType = file; path = "RobotoMono-BoldItalic.ttf"; sourceTree = "<group>"; };
		4302B63B2AC4320B0067C917 /* RobotoMono-ExtraLight.ttf */ = {isa = PBXFileReference; lastKnownFileType = file; path = "RobotoMono-ExtraLight.ttf"; sourceTree = "<group>"; };
		4302B63C2AC4320B0067C917 /* RobotoMono-ThinItalic.ttf */ = {isa = PBXFileReference; lastKnownFileType = file; path = "RobotoMono-ThinItalic.ttf"; sourceTree = "<group>"; };
		4302B63D2AC4320B0067C917 /* RobotoMono-ExtraLightItalic.ttf */ = {isa = PBXFileReference; lastKnownFileType = file; path = "RobotoMono-ExtraLightItalic.ttf"; sourceTree = "<group>"; };
		4302B63E2AC4320B0067C917 /* RobotoMono-Light.ttf */ = {isa = PBXFileReference; lastKnownFileType = file; path = "RobotoMono-Light.ttf"; sourceTree = "<group>"; };
		4302B63F2AC4320B0067C917 /* RobotoMono-MediumItalic.ttf */ = {isa = PBXFileReference; lastKnownFileType = file; path = "RobotoMono-MediumItalic.ttf"; sourceTree = "<group>"; };
		4302B6402AC4320B0067C917 /* RobotoMono-Bold.ttf */ = {isa = PBXFileReference; lastKnownFileType = file; path = "RobotoMono-Bold.ttf"; sourceTree = "<group>"; };
		4302B6412AC4320B0067C917 /* RobotoMono-Italic.ttf */ = {isa = PBXFileReference; lastKnownFileType = file; path = "RobotoMono-Italic.ttf"; sourceTree = "<group>"; };
		4302B6422AC4320B0067C917 /* RobotoMono-Thin.ttf */ = {isa = PBXFileReference; lastKnownFileType = file; path = "RobotoMono-Thin.ttf"; sourceTree = "<group>"; };
		4302B6432AC4320B0067C917 /* README.txt */ = {isa = PBXFileReference; fileEncoding = 4; lastKnownFileType = text; path = README.txt; sourceTree = "<group>"; };
		4302B6442AC4320B0067C917 /* LICENSE.txt */ = {isa = PBXFileReference; fileEncoding = 4; lastKnownFileType = text; path = LICENSE.txt; sourceTree = "<group>"; };
		43ADC93F2AC2D32400A0781C /* ChangeIconView.swift */ = {isa = PBXFileReference; lastKnownFileType = sourcecode.swift; path = ChangeIconView.swift; sourceTree = "<group>"; };
		43ADC9412AC2F4B800A0781C /* Theme.swift */ = {isa = PBXFileReference; lastKnownFileType = sourcecode.swift; path = Theme.swift; sourceTree = "<group>"; };
		43ADC9442AC2FDB100A0781C /* ThemesManager.swift */ = {isa = PBXFileReference; lastKnownFileType = sourcecode.swift; path = ThemesManager.swift; sourceTree = "<group>"; };
		43ADC9572AC42E4800A0781C /* SortsMillGoudy-Regular.ttf */ = {isa = PBXFileReference; lastKnownFileType = file; name = "SortsMillGoudy-Regular.ttf"; path = "VocabularyAppFramework/Components/Fonts/Sorts_Mill_Goudy/SortsMillGoudy-Regular.ttf"; sourceTree = SOURCE_ROOT; };
		43ADC9592AC42E4800A0781C /* SortsMillGoudy-Italic.ttf */ = {isa = PBXFileReference; lastKnownFileType = file; name = "SortsMillGoudy-Italic.ttf"; path = "VocabularyAppFramework/Components/Fonts/Sorts_Mill_Goudy/SortsMillGoudy-Italic.ttf"; sourceTree = SOURCE_ROOT; };
		43ADC95D2AC42F1300A0781C /* FontsTestView.swift */ = {isa = PBXFileReference; lastKnownFileType = sourcecode.swift; path = FontsTestView.swift; sourceTree = "<group>"; };
		43DB2E932ABF312C00081BDC /* MakeYourOwnMixView.swift */ = {isa = PBXFileReference; lastKnownFileType = sourcecode.swift; path = MakeYourOwnMixView.swift; sourceTree = "<group>"; };
		43E943B22AB9CDDF008F79B5 /* VocabularyAppFramework.app */ = {isa = PBXFileReference; explicitFileType = wrapper.application; includeInIndex = 0; path = VocabularyAppFramework.app; sourceTree = BUILT_PRODUCTS_DIR; };
		43E943B52AB9CDDF008F79B5 /* VocabularyAppFrameworkApp.swift */ = {isa = PBXFileReference; lastKnownFileType = sourcecode.swift; path = VocabularyAppFrameworkApp.swift; sourceTree = "<group>"; };
		43E943B72AB9CDDF008F79B5 /* Home.swift */ = {isa = PBXFileReference; lastKnownFileType = sourcecode.swift; path = Home.swift; sourceTree = "<group>"; };
		43E943B92AB9CDE0008F79B5 /* Assets.xcassets */ = {isa = PBXFileReference; lastKnownFileType = folder.assetcatalog; path = Assets.xcassets; sourceTree = "<group>"; };
		43E943BC2AB9CDE0008F79B5 /* Preview Assets.xcassets */ = {isa = PBXFileReference; lastKnownFileType = folder.assetcatalog; path = "Preview Assets.xcassets"; sourceTree = "<group>"; };
		43E943C62AB9CE2C008F79B5 /* HomeViewModel.swift */ = {isa = PBXFileReference; lastKnownFileType = sourcecode.swift; path = HomeViewModel.swift; sourceTree = "<group>"; };
		43E943CA2AB9D189008F79B5 /* CustomButton.swift */ = {isa = PBXFileReference; lastKnownFileType = sourcecode.swift; path = CustomButton.swift; sourceTree = "<group>"; };
		43E943CF2AB9D50F008F79B5 /* CategoriesView.swift */ = {isa = PBXFileReference; lastKnownFileType = sourcecode.swift; path = CategoriesView.swift; sourceTree = "<group>"; };
		43E943D12AB9D62B008F79B5 /* CustomButtonMarked.swift */ = {isa = PBXFileReference; lastKnownFileType = sourcecode.swift; path = CustomButtonMarked.swift; sourceTree = "<group>"; };
		43E943D32AB9D821008F79B5 /* CategoryButton.swift */ = {isa = PBXFileReference; lastKnownFileType = sourcecode.swift; path = CategoryButton.swift; sourceTree = "<group>"; };
		43E943D82AB9E07A008F79B5 /* ThemesView.swift */ = {isa = PBXFileReference; lastKnownFileType = sourcecode.swift; path = ThemesView.swift; sourceTree = "<group>"; };
		43E943DA2AB9E18F008F79B5 /* ThemeButton.swift */ = {isa = PBXFileReference; lastKnownFileType = sourcecode.swift; path = ThemeButton.swift; sourceTree = "<group>"; };
		43E943E12ABA123D008F79B5 /* PremiumView.swift */ = {isa = PBXFileReference; lastKnownFileType = sourcecode.swift; path = PremiumView.swift; sourceTree = "<group>"; };
		43E943E42ABA193C008F79B5 /* Word.swift */ = {isa = PBXFileReference; lastKnownFileType = sourcecode.swift; path = Word.swift; sourceTree = "<group>"; };
		43E943E62ABA1AD7008F79B5 /* WordView.swift */ = {isa = PBXFileReference; lastKnownFileType = sourcecode.swift; path = WordView.swift; sourceTree = "<group>"; };
		43E943EB2ABAE3F6008F79B5 /* SettingsView.swift */ = {isa = PBXFileReference; lastKnownFileType = sourcecode.swift; path = SettingsView.swift; sourceTree = "<group>"; };
		43E943ED2ABAF486008F79B5 /* GeneralView.swift */ = {isa = PBXFileReference; lastKnownFileType = sourcecode.swift; path = GeneralView.swift; sourceTree = "<group>"; };
		43E943F02ABB28BE008F79B5 /* ManageSubscriptionView.swift */ = {isa = PBXFileReference; lastKnownFileType = sourcecode.swift; path = ManageSubscriptionView.swift; sourceTree = "<group>"; };
		43E943F32ABC446F008F79B5 /* words.json */ = {isa = PBXFileReference; fileEncoding = 4; lastKnownFileType = text.json; path = words.json; sourceTree = "<group>"; };
		43E943F72ABC460D008F79B5 /* JSONParser.swift */ = {isa = PBXFileReference; lastKnownFileType = sourcecode.swift; path = JSONParser.swift; sourceTree = "<group>"; };
		43E943FA2ABC7FCD008F79B5 /* WordManager.swift */ = {isa = PBXFileReference; lastKnownFileType = sourcecode.swift; path = WordManager.swift; sourceTree = "<group>"; };
		43E943FD2ABDAEC9008F79B5 /* Colors.swift */ = {isa = PBXFileReference; lastKnownFileType = sourcecode.swift; path = Colors.swift; sourceTree = "<group>"; };
		43E943FF2ABDDC54008F79B5 /* UserDataStorage.swift */ = {isa = PBXFileReference; lastKnownFileType = sourcecode.swift; path = UserDataStorage.swift; sourceTree = "<group>"; };
/* End PBXFileReference section */

/* Begin PBXFrameworksBuildPhase section */
		43E943AF2AB9CDDF008F79B5 /* Frameworks */ = {
			isa = PBXFrameworksBuildPhase;
			buildActionMask = 2147483647;
			files = (
			);
			runOnlyForDeploymentPostprocessing = 0;
		};
/* End PBXFrameworksBuildPhase section */

/* Begin PBXGroup section */
		4302B6312AC4320B0067C917 /* Roboto_Mono */ = {
			isa = PBXGroup;
			children = (
				4302B6322AC4320B0067C917 /* Roboto.ttf */,
				4302B6332AC4320B0067C917 /* RobotoMono-Italic-VariableFont_wght.ttf */,
				4302B6342AC4320B0067C917 /* static */,
				4302B6432AC4320B0067C917 /* README.txt */,
				4302B6442AC4320B0067C917 /* LICENSE.txt */,
			);
			path = Roboto_Mono;
			sourceTree = "<group>";
		};
		4302B6342AC4320B0067C917 /* static */ = {
			isa = PBXGroup;
			children = (
				4302B6352AC4320B0067C917 /* RobotoMono-Medium.ttf */,
				4302B6362AC4320B0067C917 /* RobotoMono-SemiBold.ttf */,
				4302B6372AC4320B0067C917 /* RobotoMono-SemiBoldItalic.ttf */,
				4302B6382AC4320B0067C917 /* RobotoMono-Regular.ttf */,
				4302B6392AC4320B0067C917 /* RobotoMono-LightItalic.ttf */,
				4302B63A2AC4320B0067C917 /* RobotoMono-BoldItalic.ttf */,
				4302B63B2AC4320B0067C917 /* RobotoMono-ExtraLight.ttf */,
				4302B63C2AC4320B0067C917 /* RobotoMono-ThinItalic.ttf */,
				4302B63D2AC4320B0067C917 /* RobotoMono-ExtraLightItalic.ttf */,
				4302B63E2AC4320B0067C917 /* RobotoMono-Light.ttf */,
				4302B63F2AC4320B0067C917 /* RobotoMono-MediumItalic.ttf */,
				4302B6402AC4320B0067C917 /* RobotoMono-Bold.ttf */,
				4302B6412AC4320B0067C917 /* RobotoMono-Italic.ttf */,
				4302B6422AC4320B0067C917 /* RobotoMono-Thin.ttf */,
			);
			path = static;
			sourceTree = "<group>";
		};
		43ADC93E2AC2D31400A0781C /* New Group */ = {
			isa = PBXGroup;
			children = (
			);
			path = "New Group";
			sourceTree = "<group>";
		};
		43ADC9432AC2FDA800A0781C /* ThemesManager */ = {
			isa = PBXGroup;
			children = (
				43ADC9442AC2FDB100A0781C /* ThemesManager.swift */,
			);
			path = ThemesManager;
			sourceTree = "<group>";
		};
		43ADC9462AC325CF00A0781C /* Info */ = {
			isa = PBXGroup;
			children = (
				4302B62F2AC431780067C917 /* Info.plist */,
			);
			path = Info;
			sourceTree = "<group>";
		};
		43ADC9492AC42B8900A0781C /* Fonts */ = {
			isa = PBXGroup;
			children = (
				4302B6312AC4320B0067C917 /* Roboto_Mono */,
				43ADC9562AC42E4800A0781C /* Sorts_Mill_Goudy */,
				43ADC95D2AC42F1300A0781C /* FontsTestView.swift */,
			);
			path = Fonts;
			sourceTree = "<group>";
		};
		43ADC9562AC42E4800A0781C /* Sorts_Mill_Goudy */ = {
			isa = PBXGroup;
			children = (
				43E943CC2AB9D4EE008F79B5 /* Categories */,
				43ADC9572AC42E4800A0781C /* SortsMillGoudy-Regular.ttf */,
				43ADC9592AC42E4800A0781C /* SortsMillGoudy-Italic.ttf */,
			);
			path = Sorts_Mill_Goudy;
			sourceTree = "<group>";
		};
		43DB2E8F2ABF310500081BDC /* Core */ = {
			isa = PBXGroup;
			children = (
				43ADC93E2AC2D31400A0781C /* New Group */,
				43DB2E902ABF311900081BDC /* MakeYourOwnMix */,
				43E943DE2ABA1227008F79B5 /* Premium */,
				43E943C52AB9CE16008F79B5 /* Home */,
				43E943D52AB9E058008F79B5 /* Themes */,
				43E943E82ABAE3CD008F79B5 /* Settings */,
			);
			path = Core;
			sourceTree = "<group>";
		};
		43DB2E902ABF311900081BDC /* MakeYourOwnMix */ = {
			isa = PBXGroup;
			children = (
				43DB2E922ABF312300081BDC /* View */,
				43DB2E912ABF311F00081BDC /* ViewModel */,
			);
			path = MakeYourOwnMix;
			sourceTree = "<group>";
		};
		43DB2E912ABF311F00081BDC /* ViewModel */ = {
			isa = PBXGroup;
			children = (
			);
			path = ViewModel;
			sourceTree = "<group>";
		};
		43DB2E922ABF312300081BDC /* View */ = {
			isa = PBXGroup;
			children = (
				43DB2E932ABF312C00081BDC /* MakeYourOwnMixView.swift */,
			);
			path = View;
			sourceTree = "<group>";
		};
		43E943A92AB9CDDF008F79B5 = {
			isa = PBXGroup;
			children = (
				43E943B42AB9CDDF008F79B5 /* VocabularyAppFramework */,
				43E943B32AB9CDDF008F79B5 /* Products */,
			);
			sourceTree = "<group>";
		};
		43E943B32AB9CDDF008F79B5 /* Products */ = {
			isa = PBXGroup;
			children = (
				43E943B22AB9CDDF008F79B5 /* VocabularyAppFramework.app */,
			);
			name = Products;
			sourceTree = "<group>";
		};
		43E943B42AB9CDDF008F79B5 /* VocabularyAppFramework */ = {
			isa = PBXGroup;
			children = (
				43E943B52AB9CDDF008F79B5 /* VocabularyAppFrameworkApp.swift */,
				43DB2E8F2ABF310500081BDC /* Core */,
				43E943C82AB9D17A008F79B5 /* Components */,
				43E943F52ABC45FB008F79B5 /* Managers */,
				43E943FC2ABDAEC2008F79B5 /* Extension */,
				43E943E32ABA1931008F79B5 /* Model */,
				43E943F22ABC444D008F79B5 /* Data */,
				43E943B92AB9CDE0008F79B5 /* Assets.xcassets */,
				43ADC9462AC325CF00A0781C /* Info */,
				43E943BB2AB9CDE0008F79B5 /* Preview Content */,
			);
			path = VocabularyAppFramework;
			sourceTree = "<group>";
		};
		43E943BB2AB9CDE0008F79B5 /* Preview Content */ = {
			isa = PBXGroup;
			children = (
				43E943BC2AB9CDE0008F79B5 /* Preview Assets.xcassets */,
			);
			path = "Preview Content";
			sourceTree = "<group>";
		};
		43E943C32AB9CE0D008F79B5 /* ViewModel */ = {
			isa = PBXGroup;
			children = (
				43E943C62AB9CE2C008F79B5 /* HomeViewModel.swift */,
			);
			path = ViewModel;
			sourceTree = "<group>";
		};
		43E943C42AB9CE14008F79B5 /* View */ = {
			isa = PBXGroup;
			children = (
				43E943B72AB9CDDF008F79B5 /* Home.swift */,
			);
			path = View;
			sourceTree = "<group>";
		};
		43E943C52AB9CE16008F79B5 /* Home */ = {
			isa = PBXGroup;
			children = (
				43E943C32AB9CE0D008F79B5 /* ViewModel */,
				43E943C42AB9CE14008F79B5 /* View */,
			);
			path = Home;
			sourceTree = "<group>";
		};
		43E943C82AB9D17A008F79B5 /* Components */ = {
			isa = PBXGroup;
			children = (
				43ADC9492AC42B8900A0781C /* Fonts */,
				43E943C92AB9D181008F79B5 /* Buttons */,
				43E943E62ABA1AD7008F79B5 /* WordView.swift */,
			);
			path = Components;
			sourceTree = "<group>";
		};
		43E943C92AB9D181008F79B5 /* Buttons */ = {
			isa = PBXGroup;
			children = (
				43E943CA2AB9D189008F79B5 /* CustomButton.swift */,
				43E943D12AB9D62B008F79B5 /* CustomButtonMarked.swift */,
				43E943D32AB9D821008F79B5 /* CategoryButton.swift */,
				43E943DA2AB9E18F008F79B5 /* ThemeButton.swift */,
			);
			path = Buttons;
			sourceTree = "<group>";
		};
		43E943CC2AB9D4EE008F79B5 /* Categories */ = {
			isa = PBXGroup;
			children = (
				43E943CE2AB9D503008F79B5 /* View */,
				43E943CD2AB9D4FF008F79B5 /* ViewModel */,
			);
			path = Categories;
			sourceTree = "<group>";
		};
		43E943CD2AB9D4FF008F79B5 /* ViewModel */ = {
			isa = PBXGroup;
			children = (
			);
			path = ViewModel;
			sourceTree = "<group>";
		};
		43E943CE2AB9D503008F79B5 /* View */ = {
			isa = PBXGroup;
			children = (
				43E943CF2AB9D50F008F79B5 /* CategoriesView.swift */,
			);
			path = View;
			sourceTree = "<group>";
		};
		43E943D52AB9E058008F79B5 /* Themes */ = {
			isa = PBXGroup;
			children = (
				43E943D62AB9E05F008F79B5 /* ViewModel */,
				43E943D72AB9E06E008F79B5 /* View */,
			);
			path = Themes;
			sourceTree = "<group>";
		};
		43E943D62AB9E05F008F79B5 /* ViewModel */ = {
			isa = PBXGroup;
			children = (
			);
			path = ViewModel;
			sourceTree = "<group>";
		};
		43E943D72AB9E06E008F79B5 /* View */ = {
			isa = PBXGroup;
			children = (
				43E943D82AB9E07A008F79B5 /* ThemesView.swift */,
			);
			path = View;
			sourceTree = "<group>";
		};
		43E943DE2ABA1227008F79B5 /* Premium */ = {
			isa = PBXGroup;
			children = (
				43E943DF2ABA122B008F79B5 /* ViewModel */,
				43E943E02ABA1231008F79B5 /* View */,
			);
			path = Premium;
			sourceTree = "<group>";
		};
		43E943DF2ABA122B008F79B5 /* ViewModel */ = {
			isa = PBXGroup;
			children = (
			);
			path = ViewModel;
			sourceTree = "<group>";
		};
		43E943E02ABA1231008F79B5 /* View */ = {
			isa = PBXGroup;
			children = (
				43E943E12ABA123D008F79B5 /* PremiumView.swift */,
			);
			path = View;
			sourceTree = "<group>";
		};
		43E943E32ABA1931008F79B5 /* Model */ = {
			isa = PBXGroup;
			children = (
				43E943E42ABA193C008F79B5 /* Word.swift */,
				43ADC9412AC2F4B800A0781C /* Theme.swift */,
			);
			path = Model;
			sourceTree = "<group>";
		};
		43E943E82ABAE3CD008F79B5 /* Settings */ = {
			isa = PBXGroup;
			children = (
				43E943EA2ABAE3D4008F79B5 /* Views */,
				43E943E92ABAE3D1008F79B5 /* ViewModel */,
				43ADC93F2AC2D32400A0781C /* ChangeIconView.swift */,
			);
			path = Settings;
			sourceTree = "<group>";
		};
		43E943E92ABAE3D1008F79B5 /* ViewModel */ = {
			isa = PBXGroup;
			children = (
			);
			path = ViewModel;
			sourceTree = "<group>";
		};
		43E943EA2ABAE3D4008F79B5 /* Views */ = {
			isa = PBXGroup;
			children = (
				43E943EB2ABAE3F6008F79B5 /* SettingsView.swift */,
				43E943EF2ABAF4B8008F79B5 /* SubViews */,
			);
			path = Views;
			sourceTree = "<group>";
		};
		43E943EF2ABAF4B8008F79B5 /* SubViews */ = {
			isa = PBXGroup;
			children = (
				43E943ED2ABAF486008F79B5 /* GeneralView.swift */,
				43E943F02ABB28BE008F79B5 /* ManageSubscriptionView.swift */,
			);
			path = SubViews;
			sourceTree = "<group>";
		};
		43E943F22ABC444D008F79B5 /* Data */ = {
			isa = PBXGroup;
			children = (
				43E943F32ABC446F008F79B5 /* words.json */,
			);
			path = Data;
			sourceTree = "<group>";
		};
		43E943F52ABC45FB008F79B5 /* Managers */ = {
			isa = PBXGroup;
			children = (
				43ADC9432AC2FDA800A0781C /* ThemesManager */,
				43E943F92ABC7FC5008F79B5 /* WordManager */,
				43E943F62ABC4603008F79B5 /* JSON */,
				43E943FF2ABDDC54008F79B5 /* UserDataStorage.swift */,
			);
			path = Managers;
			sourceTree = "<group>";
		};
		43E943F62ABC4603008F79B5 /* JSON */ = {
			isa = PBXGroup;
			children = (
				43E943F72ABC460D008F79B5 /* JSONParser.swift */,
			);
			path = JSON;
			sourceTree = "<group>";
		};
		43E943F92ABC7FC5008F79B5 /* WordManager */ = {
			isa = PBXGroup;
			children = (
				43E943FA2ABC7FCD008F79B5 /* WordManager.swift */,
			);
			path = WordManager;
			sourceTree = "<group>";
		};
		43E943FC2ABDAEC2008F79B5 /* Extension */ = {
			isa = PBXGroup;
			children = (
				43E943FD2ABDAEC9008F79B5 /* Colors.swift */,
			);
			path = Extension;
			sourceTree = "<group>";
		};
/* End PBXGroup section */

/* Begin PBXNativeTarget section */
		43E943B12AB9CDDF008F79B5 /* VocabularyAppFramework */ = {
			isa = PBXNativeTarget;
			buildConfigurationList = 43E943C02AB9CDE0008F79B5 /* Build configuration list for PBXNativeTarget "VocabularyAppFramework" */;
			buildPhases = (
				43E943AE2AB9CDDF008F79B5 /* Sources */,
				43E943AF2AB9CDDF008F79B5 /* Frameworks */,
				43E943B02AB9CDDF008F79B5 /* Resources */,
			);
			buildRules = (
			);
			dependencies = (
			);
			name = VocabularyAppFramework;
			productName = VocabularyAppFramework;
			productReference = 43E943B22AB9CDDF008F79B5 /* VocabularyAppFramework.app */;
			productType = "com.apple.product-type.application";
		};
/* End PBXNativeTarget section */

/* Begin PBXProject section */
		43E943AA2AB9CDDF008F79B5 /* Project object */ = {
			isa = PBXProject;
			attributes = {
				BuildIndependentTargetsInParallel = 1;
				LastSwiftUpdateCheck = 1430;
				LastUpgradeCheck = 1430;
				TargetAttributes = {
					43E943B12AB9CDDF008F79B5 = {
						CreatedOnToolsVersion = 14.3.1;
					};
				};
			};
			buildConfigurationList = 43E943AD2AB9CDDF008F79B5 /* Build configuration list for PBXProject "VocabularyAppFramework" */;
			compatibilityVersion = "Xcode 14.0";
			developmentRegion = en;
			hasScannedForEncodings = 0;
			knownRegions = (
				en,
				Base,
			);
			mainGroup = 43E943A92AB9CDDF008F79B5;
			productRefGroup = 43E943B32AB9CDDF008F79B5 /* Products */;
			projectDirPath = "";
			projectRoot = "";
			targets = (
				43E943B12AB9CDDF008F79B5 /* VocabularyAppFramework */,
			);
		};
/* End PBXProject section */

/* Begin PBXResourcesBuildPhase section */
		43E943B02AB9CDDF008F79B5 /* Resources */ = {
			isa = PBXResourcesBuildPhase;
			buildActionMask = 2147483647;
			files = (
				4302B64E2AC4320B0067C917 /* RobotoMono-ThinItalic.ttf in Resources */,
				4302B64C2AC4320B0067C917 /* RobotoMono-BoldItalic.ttf in Resources */,
				4302B6552AC4320B0067C917 /* README.txt in Resources */,
				43ADC95C2AC42E4800A0781C /* SortsMillGoudy-Italic.ttf in Resources */,
				43E943F42ABC446F008F79B5 /* words.json in Resources */,
				4302B6482AC4320B0067C917 /* RobotoMono-SemiBold.ttf in Resources */,
				4302B6542AC4320B0067C917 /* RobotoMono-Thin.ttf in Resources */,
				4302B6452AC4320B0067C917 /* Roboto.ttf in Resources */,
				43E943BD2AB9CDE0008F79B5 /* Preview Assets.xcassets in Resources */,
				4302B6512AC4320B0067C917 /* RobotoMono-MediumItalic.ttf in Resources */,
				4302B6522AC4320B0067C917 /* RobotoMono-Bold.ttf in Resources */,
				43ADC95A2AC42E4800A0781C /* SortsMillGoudy-Regular.ttf in Resources */,
				4302B64F2AC4320B0067C917 /* RobotoMono-ExtraLightItalic.ttf in Resources */,
				4302B6472AC4320B0067C917 /* RobotoMono-Medium.ttf in Resources */,
				4302B64D2AC4320B0067C917 /* RobotoMono-ExtraLight.ttf in Resources */,
				4302B6492AC4320B0067C917 /* RobotoMono-SemiBoldItalic.ttf in Resources */,
				4302B6562AC4320B0067C917 /* LICENSE.txt in Resources */,
				4302B6532AC4320B0067C917 /* RobotoMono-Italic.ttf in Resources */,
				43E943BA2AB9CDE0008F79B5 /* Assets.xcassets in Resources */,
				4302B64A2AC4320B0067C917 /* RobotoMono-Regular.ttf in Resources */,
				4302B6502AC4320B0067C917 /* RobotoMono-Light.ttf in Resources */,
				4302B6462AC4320B0067C917 /* RobotoMono-Italic-VariableFont_wght.ttf in Resources */,
				4302B64B2AC4320B0067C917 /* RobotoMono-LightItalic.ttf in Resources */,
			);
			runOnlyForDeploymentPostprocessing = 0;
		};
/* End PBXResourcesBuildPhase section */

/* Begin PBXSourcesBuildPhase section */
		43E943AE2AB9CDDF008F79B5 /* Sources */ = {
			isa = PBXSourcesBuildPhase;
			buildActionMask = 2147483647;
			files = (
				43E943CB2AB9D189008F79B5 /* CustomButton.swift in Sources */,
				43E943FE2ABDAEC9008F79B5 /* Colors.swift in Sources */,
				43ADC9452AC2FDB100A0781C /* ThemesManager.swift in Sources */,
				43ADC95E2AC42F1300A0781C /* FontsTestView.swift in Sources */,
				43E943B82AB9CDDF008F79B5 /* Home.swift in Sources */,
				43E943F82ABC460D008F79B5 /* JSONParser.swift in Sources */,
				43E943DB2AB9E18F008F79B5 /* ThemeButton.swift in Sources */,
				43ADC9422AC2F4B800A0781C /* Theme.swift in Sources */,
				43E943C72AB9CE2C008F79B5 /* HomeViewModel.swift in Sources */,
				43E943D02AB9D50F008F79B5 /* CategoriesView.swift in Sources */,
				43E943F12ABB28BE008F79B5 /* ManageSubscriptionView.swift in Sources */,
				43E943D92AB9E07A008F79B5 /* ThemesView.swift in Sources */,
				43E943FB2ABC7FCD008F79B5 /* WordManager.swift in Sources */,
				43E943EE2ABAF486008F79B5 /* GeneralView.swift in Sources */,
				43E943E52ABA193C008F79B5 /* Word.swift in Sources */,
				43E943E22ABA123D008F79B5 /* PremiumView.swift in Sources */,
				43E943E72ABA1AD7008F79B5 /* WordView.swift in Sources */,
				43E943D42AB9D821008F79B5 /* CategoryButton.swift in Sources */,
				43E943D22AB9D62B008F79B5 /* CustomButtonMarked.swift in Sources */,
				43E944002ABDDC54008F79B5 /* UserDataStorage.swift in Sources */,
				43DB2E942ABF312C00081BDC /* MakeYourOwnMixView.swift in Sources */,
				43ADC9402AC2D32400A0781C /* ChangeIconView.swift in Sources */,
				43E943B62AB9CDDF008F79B5 /* VocabularyAppFrameworkApp.swift in Sources */,
				43E943EC2ABAE3F6008F79B5 /* SettingsView.swift in Sources */,
			);
			runOnlyForDeploymentPostprocessing = 0;
		};
/* End PBXSourcesBuildPhase section */

/* Begin XCBuildConfiguration section */
		43E943BE2AB9CDE0008F79B5 /* Debug */ = {
			isa = XCBuildConfiguration;
			buildSettings = {
				ALWAYS_SEARCH_USER_PATHS = NO;
				CLANG_ANALYZER_NONNULL = YES;
				CLANG_ANALYZER_NUMBER_OBJECT_CONVERSION = YES_AGGRESSIVE;
				CLANG_CXX_LANGUAGE_STANDARD = "gnu++20";
				CLANG_ENABLE_MODULES = YES;
				CLANG_ENABLE_OBJC_ARC = YES;
				CLANG_ENABLE_OBJC_WEAK = YES;
				CLANG_WARN_BLOCK_CAPTURE_AUTORELEASING = YES;
				CLANG_WARN_BOOL_CONVERSION = YES;
				CLANG_WARN_COMMA = YES;
				CLANG_WARN_CONSTANT_CONVERSION = YES;
				CLANG_WARN_DEPRECATED_OBJC_IMPLEMENTATIONS = YES;
				CLANG_WARN_DIRECT_OBJC_ISA_USAGE = YES_ERROR;
				CLANG_WARN_DOCUMENTATION_COMMENTS = YES;
				CLANG_WARN_EMPTY_BODY = YES;
				CLANG_WARN_ENUM_CONVERSION = YES;
				CLANG_WARN_INFINITE_RECURSION = YES;
				CLANG_WARN_INT_CONVERSION = YES;
				CLANG_WARN_NON_LITERAL_NULL_CONVERSION = YES;
				CLANG_WARN_OBJC_IMPLICIT_RETAIN_SELF = YES;
				CLANG_WARN_OBJC_LITERAL_CONVERSION = YES;
				CLANG_WARN_OBJC_ROOT_CLASS = YES_ERROR;
				CLANG_WARN_QUOTED_INCLUDE_IN_FRAMEWORK_HEADER = YES;
				CLANG_WARN_RANGE_LOOP_ANALYSIS = YES;
				CLANG_WARN_STRICT_PROTOTYPES = YES;
				CLANG_WARN_SUSPICIOUS_MOVE = YES;
				CLANG_WARN_UNGUARDED_AVAILABILITY = YES_AGGRESSIVE;
				CLANG_WARN_UNREACHABLE_CODE = YES;
				CLANG_WARN__DUPLICATE_METHOD_MATCH = YES;
				COPY_PHASE_STRIP = NO;
				DEBUG_INFORMATION_FORMAT = dwarf;
				ENABLE_STRICT_OBJC_MSGSEND = YES;
				ENABLE_TESTABILITY = YES;
				GCC_C_LANGUAGE_STANDARD = gnu11;
				GCC_DYNAMIC_NO_PIC = NO;
				GCC_NO_COMMON_BLOCKS = YES;
				GCC_OPTIMIZATION_LEVEL = 0;
				GCC_PREPROCESSOR_DEFINITIONS = (
					"DEBUG=1",
					"$(inherited)",
				);
				GCC_WARN_64_TO_32_BIT_CONVERSION = YES;
				GCC_WARN_ABOUT_RETURN_TYPE = YES_ERROR;
				GCC_WARN_UNDECLARED_SELECTOR = YES;
				GCC_WARN_UNINITIALIZED_AUTOS = YES_AGGRESSIVE;
				GCC_WARN_UNUSED_FUNCTION = YES;
				GCC_WARN_UNUSED_VARIABLE = YES;
				IPHONEOS_DEPLOYMENT_TARGET = 16.4;
				MTL_ENABLE_DEBUG_INFO = INCLUDE_SOURCE;
				MTL_FAST_MATH = YES;
				ONLY_ACTIVE_ARCH = YES;
				SDKROOT = iphoneos;
				SWIFT_ACTIVE_COMPILATION_CONDITIONS = DEBUG;
				SWIFT_OPTIMIZATION_LEVEL = "-Onone";
			};
			name = Debug;
		};
		43E943BF2AB9CDE0008F79B5 /* Release */ = {
			isa = XCBuildConfiguration;
			buildSettings = {
				ALWAYS_SEARCH_USER_PATHS = NO;
				CLANG_ANALYZER_NONNULL = YES;
				CLANG_ANALYZER_NUMBER_OBJECT_CONVERSION = YES_AGGRESSIVE;
				CLANG_CXX_LANGUAGE_STANDARD = "gnu++20";
				CLANG_ENABLE_MODULES = YES;
				CLANG_ENABLE_OBJC_ARC = YES;
				CLANG_ENABLE_OBJC_WEAK = YES;
				CLANG_WARN_BLOCK_CAPTURE_AUTORELEASING = YES;
				CLANG_WARN_BOOL_CONVERSION = YES;
				CLANG_WARN_COMMA = YES;
				CLANG_WARN_CONSTANT_CONVERSION = YES;
				CLANG_WARN_DEPRECATED_OBJC_IMPLEMENTATIONS = YES;
				CLANG_WARN_DIRECT_OBJC_ISA_USAGE = YES_ERROR;
				CLANG_WARN_DOCUMENTATION_COMMENTS = YES;
				CLANG_WARN_EMPTY_BODY = YES;
				CLANG_WARN_ENUM_CONVERSION = YES;
				CLANG_WARN_INFINITE_RECURSION = YES;
				CLANG_WARN_INT_CONVERSION = YES;
				CLANG_WARN_NON_LITERAL_NULL_CONVERSION = YES;
				CLANG_WARN_OBJC_IMPLICIT_RETAIN_SELF = YES;
				CLANG_WARN_OBJC_LITERAL_CONVERSION = YES;
				CLANG_WARN_OBJC_ROOT_CLASS = YES_ERROR;
				CLANG_WARN_QUOTED_INCLUDE_IN_FRAMEWORK_HEADER = YES;
				CLANG_WARN_RANGE_LOOP_ANALYSIS = YES;
				CLANG_WARN_STRICT_PROTOTYPES = YES;
				CLANG_WARN_SUSPICIOUS_MOVE = YES;
				CLANG_WARN_UNGUARDED_AVAILABILITY = YES_AGGRESSIVE;
				CLANG_WARN_UNREACHABLE_CODE = YES;
				CLANG_WARN__DUPLICATE_METHOD_MATCH = YES;
				COPY_PHASE_STRIP = NO;
				DEBUG_INFORMATION_FORMAT = "dwarf-with-dsym";
				ENABLE_NS_ASSERTIONS = NO;
				ENABLE_STRICT_OBJC_MSGSEND = YES;
				GCC_C_LANGUAGE_STANDARD = gnu11;
				GCC_NO_COMMON_BLOCKS = YES;
				GCC_WARN_64_TO_32_BIT_CONVERSION = YES;
				GCC_WARN_ABOUT_RETURN_TYPE = YES_ERROR;
				GCC_WARN_UNDECLARED_SELECTOR = YES;
				GCC_WARN_UNINITIALIZED_AUTOS = YES_AGGRESSIVE;
				GCC_WARN_UNUSED_FUNCTION = YES;
				GCC_WARN_UNUSED_VARIABLE = YES;
				IPHONEOS_DEPLOYMENT_TARGET = 16.4;
				MTL_ENABLE_DEBUG_INFO = NO;
				MTL_FAST_MATH = YES;
				SDKROOT = iphoneos;
				SWIFT_COMPILATION_MODE = wholemodule;
				SWIFT_OPTIMIZATION_LEVEL = "-O";
				VALIDATE_PRODUCT = YES;
			};
			name = Release;
		};
		43E943C12AB9CDE0008F79B5 /* Debug */ = {
			isa = XCBuildConfiguration;
			buildSettings = {
				ASSETCATALOG_COMPILER_ALTERNATE_APPICON_NAMES = "AppIcon1 AppIcon2 AppIcon3 AppIcon4 AppIcon5 AppIcon6 AppIcon7 AppIcon8 AppIcon9 AppIcon10 AppIcon11 AppIcon12 AppIcon13 AppIcon14 AppIcon15 AppIcon16 AppIcon17 AppIcon18 AppIcon19 AppIcon20 AppIcon21 AppIcon22 AppIcon25 AppIcon24 AppIcon23";
				ASSETCATALOG_COMPILER_APPICON_NAME = AppIcon;
				ASSETCATALOG_COMPILER_GLOBAL_ACCENT_COLOR_NAME = AccentColor;
				ASSETCATALOG_COMPILER_INCLUDE_ALL_APPICON_ASSETS = YES;
				CODE_SIGN_STYLE = Automatic;
				CURRENT_PROJECT_VERSION = 1;
				DEVELOPMENT_ASSET_PATHS = "\"VocabularyAppFramework/Preview Content\"";
				DEVELOPMENT_TEAM = YA24P24868;
				ENABLE_PREVIEWS = YES;
				GENERATE_INFOPLIST_FILE = YES;
				INFOPLIST_FILE = VocabularyAppFramework/Info.plist;
				INFOPLIST_KEY_LSApplicationCategoryType = "";
				INFOPLIST_KEY_UIApplicationSceneManifest_Generation = YES;
				INFOPLIST_KEY_UIApplicationSupportsIndirectInputEvents = YES;
				INFOPLIST_KEY_UILaunchScreen_Generation = YES;
				INFOPLIST_KEY_UISupportedInterfaceOrientations_iPad = "UIInterfaceOrientationPortrait UIInterfaceOrientationPortraitUpsideDown UIInterfaceOrientationLandscapeLeft UIInterfaceOrientationLandscapeRight";
				INFOPLIST_KEY_UISupportedInterfaceOrientations_iPhone = "UIInterfaceOrientationPortrait UIInterfaceOrientationLandscapeLeft UIInterfaceOrientationLandscapeRight";
				INFOPLIST_KEY_UIUserInterfaceStyle = Light;
				LD_RUNPATH_SEARCH_PATHS = (
					"$(inherited)",
					"@executable_path/Frameworks",
				);
				MARKETING_VERSION = 1.0;
				PRODUCT_BUNDLE_IDENTIFIER = com.cortex.VocabularyAppFramework;
				PRODUCT_NAME = "$(TARGET_NAME)";
				SWIFT_EMIT_LOC_STRINGS = YES;
				SWIFT_VERSION = 5.0;
				TARGETED_DEVICE_FAMILY = "1,2";
			};
			name = Debug;
		};
		43E943C22AB9CDE0008F79B5 /* Release */ = {
			isa = XCBuildConfiguration;
			buildSettings = {
				ASSETCATALOG_COMPILER_ALTERNATE_APPICON_NAMES = "AppIcon1 AppIcon2 AppIcon3 AppIcon4 AppIcon5 AppIcon6 AppIcon7 AppIcon8 AppIcon9 AppIcon10 AppIcon11 AppIcon12 AppIcon13 AppIcon14 AppIcon15 AppIcon16 AppIcon17 AppIcon18 AppIcon19 AppIcon20 AppIcon21 AppIcon22 AppIcon25 AppIcon24 AppIcon23";
				ASSETCATALOG_COMPILER_APPICON_NAME = AppIcon;
				ASSETCATALOG_COMPILER_GLOBAL_ACCENT_COLOR_NAME = AccentColor;
				ASSETCATALOG_COMPILER_INCLUDE_ALL_APPICON_ASSETS = YES;
				CODE_SIGN_STYLE = Automatic;
				CURRENT_PROJECT_VERSION = 1;
				DEVELOPMENT_ASSET_PATHS = "\"VocabularyAppFramework/Preview Content\"";
				DEVELOPMENT_TEAM = YA24P24868;
				ENABLE_PREVIEWS = YES;
				GENERATE_INFOPLIST_FILE = YES;
				INFOPLIST_FILE = VocabularyAppFramework/Info.plist;
				INFOPLIST_KEY_LSApplicationCategoryType = "";
				INFOPLIST_KEY_UIApplicationSceneManifest_Generation = YES;
				INFOPLIST_KEY_UIApplicationSupportsIndirectInputEvents = YES;
				INFOPLIST_KEY_UILaunchScreen_Generation = YES;
				INFOPLIST_KEY_UISupportedInterfaceOrientations_iPad = "UIInterfaceOrientationPortrait UIInterfaceOrientationPortraitUpsideDown UIInterfaceOrientationLandscapeLeft UIInterfaceOrientationLandscapeRight";
				INFOPLIST_KEY_UISupportedInterfaceOrientations_iPhone = "UIInterfaceOrientationPortrait UIInterfaceOrientationLandscapeLeft UIInterfaceOrientationLandscapeRight";
				INFOPLIST_KEY_UIUserInterfaceStyle = Light;
				LD_RUNPATH_SEARCH_PATHS = (
					"$(inherited)",
					"@executable_path/Frameworks",
				);
				MARKETING_VERSION = 1.0;
				PRODUCT_BUNDLE_IDENTIFIER = com.cortex.VocabularyAppFramework;
				PRODUCT_NAME = "$(TARGET_NAME)";
				SWIFT_EMIT_LOC_STRINGS = YES;
				SWIFT_VERSION = 5.0;
				TARGETED_DEVICE_FAMILY = "1,2";
			};
			name = Release;
		};
/* End XCBuildConfiguration section */

/* Begin XCConfigurationList section */
		43E943AD2AB9CDDF008F79B5 /* Build configuration list for PBXProject "VocabularyAppFramework" */ = {
			isa = XCConfigurationList;
			buildConfigurations = (
				43E943BE2AB9CDE0008F79B5 /* Debug */,
				43E943BF2AB9CDE0008F79B5 /* Release */,
			);
			defaultConfigurationIsVisible = 0;
			defaultConfigurationName = Release;
		};
		43E943C02AB9CDE0008F79B5 /* Build configuration list for PBXNativeTarget "VocabularyAppFramework" */ = {
			isa = XCConfigurationList;
			buildConfigurations = (
				43E943C12AB9CDE0008F79B5 /* Debug */,
				43E943C22AB9CDE0008F79B5 /* Release */,
			);
			defaultConfigurationIsVisible = 0;
			defaultConfigurationName = Release;
		};
/* End XCConfigurationList section */
	};
	rootObject = 43E943AA2AB9CDDF008F79B5 /* Project object */;
}
