// !$*UTF8*$!
{
	archiveVersion = 1;
	classes = {
	};
	objectVersion = 70;
	objects = {

/* Begin PBXBuildFile section */
		43054CA82AF3B70A003374B8 /* PoppingEmoji.swift in Sources */ = {isa = PBXBuildFile; fileRef = 43054CA72AF3B70A003374B8 /* PoppingEmoji.swift */; };
		43054CAD2AF3BD62003374B8 /* ShakeAnimation.swift in Sources */ = {isa = PBXBuildFile; fileRef = 43054CAC2AF3BD62003374B8 /* ShakeAnimation.swift */; };
		43054CAF2AF3BD82003374B8 /* ViewExtensions.swift in Sources */ = {isa = PBXBuildFile; fileRef = 43054CAE2AF3BD82003374B8 /* ViewExtensions.swift */; };
		43054CB22AF3D981003374B8 /* QuizSettingsView.swift in Sources */ = {isa = PBXBuildFile; fileRef = 43054CB12AF3D981003374B8 /* QuizSettingsView.swift */; };
		430941782ACB6A3B008566E3 /* PrivacyPolicyView.swift in Sources */ = {isa = PBXBuildFile; fileRef = 430941772ACB6A3B008566E3 /* PrivacyPolicyView.swift */; };
		4309417A2ACB6A9A008566E3 /* FeedbackView.swift in Sources */ = {isa = PBXBuildFile; fileRef = 430941792ACB6A9A008566E3 /* FeedbackView.swift */; };
		431C702C2AEFA4E100FB3C36 /* IntroView.swift in Sources */ = {isa = PBXBuildFile; fileRef = 431C702B2AEFA4E100FB3C36 /* IntroView.swift */; };
		431C70312AEFB08500FB3C36 /* NotificationsSettingsView.swift in Sources */ = {isa = PBXBuildFile; fileRef = 431C70302AEFB08500FB3C36 /* NotificationsSettingsView.swift */; };
		431C70332AEFB09400FB3C36 /* NotificationsSettingsViewModel.swift in Sources */ = {isa = PBXBuildFile; fileRef = 431C70322AEFB09400FB3C36 /* NotificationsSettingsViewModel.swift */; };
		431C70352AEFB77F00FB3C36 /* CustomSlider.swift in Sources */ = {isa = PBXBuildFile; fileRef = 431C70342AEFB77F00FB3C36 /* CustomSlider.swift */; };
		431C70382AEFBE4600FB3C36 /* BackgroundImageView.swift in Sources */ = {isa = PBXBuildFile; fileRef = 431C70372AEFBE4600FB3C36 /* BackgroundImageView.swift */; };
		431C703F2AF01A9700FB3C36 /* OnboardingView.swift in Sources */ = {isa = PBXBuildFile; fileRef = 431C703E2AF01A9700FB3C36 /* OnboardingView.swift */; };
		431C70422AF0D55000FB3C36 /* SurveyView.swift in Sources */ = {isa = PBXBuildFile; fileRef = 431C70412AF0D55000FB3C36 /* SurveyView.swift */; };
		431C70452AF0D94500FB3C36 /* UserLevelView.swift in Sources */ = {isa = PBXBuildFile; fileRef = 431C70442AF0D94500FB3C36 /* UserLevelView.swift */; };
		431C70482AF0DA4A00FB3C36 /* MultiSelectButton.swift in Sources */ = {isa = PBXBuildFile; fileRef = 431C70472AF0DA4A00FB3C36 /* MultiSelectButton.swift */; };
		431C704A2AF0DB2900FB3C36 /* SingleSelectButton.swift in Sources */ = {isa = PBXBuildFile; fileRef = 431C70492AF0DB2900FB3C36 /* SingleSelectButton.swift */; };
		431C704D2AF0DEE900FB3C36 /* SelectIconView.swift in Sources */ = {isa = PBXBuildFile; fileRef = 431C704C2AF0DEE900FB3C36 /* SelectIconView.swift */; };
		431C70502AF0E3BD00FB3C36 /* AskForRatingView.swift in Sources */ = {isa = PBXBuildFile; fileRef = 431C704F2AF0E3BD00FB3C36 /* AskForRatingView.swift */; };
		431C70542AF2481500FB3C36 /* MoveToNextPageButton.swift in Sources */ = {isa = PBXBuildFile; fileRef = 431C70532AF2481500FB3C36 /* MoveToNextPageButton.swift */; };
		431C70572AF2641E00FB3C36 /* positive.caf in Resources */ = {isa = PBXBuildFile; fileRef = 431C70562AF262AD00FB3C36 /* positive.caf */; };
		431C705A2AF266BC00FB3C36 /* default.caf in Resources */ = {isa = PBXBuildFile; fileRef = 431C70592AF266BC00FB3C36 /* default.caf */; };
		431C705C2AF2677400FB3C36 /* classical.caf in Resources */ = {isa = PBXBuildFile; fileRef = 431C705B2AF2677300FB3C36 /* classical.caf */; };
		43620DEF2ACD63AF003FB04E /* AppDelegate.swift in Sources */ = {isa = PBXBuildFile; fileRef = 43620DEE2ACD63AF003FB04E /* AppDelegate.swift */; };
		438788D02AECEFAC00FCFEB6 /* QCMView.swift in Sources */ = {isa = PBXBuildFile; fileRef = 438788CF2AECEFAC00FCFEB6 /* QCMView.swift */; };
		438788D22AECEFCC00FCFEB6 /* QCMViewModel.swift in Sources */ = {isa = PBXBuildFile; fileRef = 438788D12AECEFCC00FCFEB6 /* QCMViewModel.swift */; };
		43ACAC1C2AC6DD8C003ED836 /* StoreKitManager.swift in Sources */ = {isa = PBXBuildFile; fileRef = 43ACAC1B2AC6DD8C003ED836 /* StoreKitManager.swift */; };
		43ADC9402AC2D32400A0781C /* ChangeIconView.swift in Sources */ = {isa = PBXBuildFile; fileRef = 43ADC93F2AC2D32400A0781C /* ChangeIconView.swift */; };
		43ADC9422AC2F4B800A0781C /* Theme.swift in Sources */ = {isa = PBXBuildFile; fileRef = 43ADC9412AC2F4B800A0781C /* Theme.swift */; };
		43ADC9452AC2FDB100A0781C /* ThemesManager.swift in Sources */ = {isa = PBXBuildFile; fileRef = 43ADC9442AC2FDB100A0781C /* ThemesManager.swift */; };
		43C3F8FD2AC59AD30060B81E /* StoreKit.framework in Frameworks */ = {isa = PBXBuildFile; fileRef = 43C3F8FC2AC59AD30060B81E /* StoreKit.framework */; };
		43C3F9192AC5A14C0060B81E /* Words - improve my vocabulary.storekit in Resources */ = {isa = PBXBuildFile; fileRef = 43C3F9182AC5A14C0060B81E /* Words - improve my vocabulary.storekit */; };
		43C3F91E2AC5B1950060B81E /* PremiumStatus.swift in Sources */ = {isa = PBXBuildFile; fileRef = 43C3F91D2AC5B1950060B81E /* PremiumStatus.swift */; };
		43C94F5A2ACABDE700EDBED6 /* CategoriesView.swift in Sources */ = {isa = PBXBuildFile; fileRef = 43C94F592ACABDE700EDBED6 /* CategoriesView.swift */; };
		43DB2E942ABF312C00081BDC /* MakeYourOwnMixView.swift in Sources */ = {isa = PBXBuildFile; fileRef = 43DB2E932ABF312C00081BDC /* MakeYourOwnMixView.swift */; };
		43E943B62AB9CDDF008F79B5 /* VocabularyAppFrameworkApp.swift in Sources */ = {isa = PBXBuildFile; fileRef = 43E943B52AB9CDDF008F79B5 /* VocabularyAppFrameworkApp.swift */; };
		43E943B82AB9CDDF008F79B5 /* HomeView.swift in Sources */ = {isa = PBXBuildFile; fileRef = 43E943B72AB9CDDF008F79B5 /* HomeView.swift */; };
		43E943BA2AB9CDE0008F79B5 /* Assets.xcassets in Resources */ = {isa = PBXBuildFile; fileRef = 43E943B92AB9CDE0008F79B5 /* Assets.xcassets */; };
		43E943BD2AB9CDE0008F79B5 /* Preview Assets.xcassets in Resources */ = {isa = PBXBuildFile; fileRef = 43E943BC2AB9CDE0008F79B5 /* Preview Assets.xcassets */; };
		43E943C72AB9CE2C008F79B5 /* HomeViewModel.swift in Sources */ = {isa = PBXBuildFile; fileRef = 43E943C62AB9CE2C008F79B5 /* HomeViewModel.swift */; };
		43E943CB2AB9D189008F79B5 /* CustomButton.swift in Sources */ = {isa = PBXBuildFile; fileRef = 43E943CA2AB9D189008F79B5 /* CustomButton.swift */; };
		43E943D22AB9D62B008F79B5 /* CustomButtonMarked.swift in Sources */ = {isa = PBXBuildFile; fileRef = 43E943D12AB9D62B008F79B5 /* CustomButtonMarked.swift */; };
		43E943D42AB9D821008F79B5 /* CategoryButton.swift in Sources */ = {isa = PBXBuildFile; fileRef = 43E943D32AB9D821008F79B5 /* CategoryButton.swift */; };
		43E943D92AB9E07A008F79B5 /* ThemesView.swift in Sources */ = {isa = PBXBuildFile; fileRef = 43E943D82AB9E07A008F79B5 /* ThemesView.swift */; };
		43E943DB2AB9E18F008F79B5 /* ThemeButton.swift in Sources */ = {isa = PBXBuildFile; fileRef = 43E943DA2AB9E18F008F79B5 /* ThemeButton.swift */; };
		43E943E22ABA123D008F79B5 /* PremiumView.swift in Sources */ = {isa = PBXBuildFile; fileRef = 43E943E12ABA123D008F79B5 /* PremiumView.swift */; };
		43E943E52ABA193C008F79B5 /* Word.swift in Sources */ = {isa = PBXBuildFile; fileRef = 43E943E42ABA193C008F79B5 /* Word.swift */; };
		43E943EC2ABAE3F6008F79B5 /* SettingsView.swift in Sources */ = {isa = PBXBuildFile; fileRef = 43E943EB2ABAE3F6008F79B5 /* SettingsView.swift */; };
		43E943EE2ABAF486008F79B5 /* GeneralView.swift in Sources */ = {isa = PBXBuildFile; fileRef = 43E943ED2ABAF486008F79B5 /* GeneralView.swift */; };
		43E943F12ABB28BE008F79B5 /* ManageSubscriptionView.swift in Sources */ = {isa = PBXBuildFile; fileRef = 43E943F02ABB28BE008F79B5 /* ManageSubscriptionView.swift */; };
		43E943F42ABC446F008F79B5 /* words.json in Resources */ = {isa = PBXBuildFile; fileRef = 43E943F32ABC446F008F79B5 /* words.json */; };
		43E943F82ABC460D008F79B5 /* JSONParser.swift in Sources */ = {isa = PBXBuildFile; fileRef = 43E943F72ABC460D008F79B5 /* JSONParser.swift */; };
		43E943FB2ABC7FCD008F79B5 /* WordManager.swift in Sources */ = {isa = PBXBuildFile; fileRef = 43E943FA2ABC7FCD008F79B5 /* WordManager.swift */; };
		43E943FE2ABDAEC9008F79B5 /* Colors.swift in Sources */ = {isa = PBXBuildFile; fileRef = 43E943FD2ABDAEC9008F79B5 /* Colors.swift */; };
		43E944002ABDDC54008F79B5 /* UserDataStorage.swift in Sources */ = {isa = PBXBuildFile; fileRef = 43E943FF2ABDDC54008F79B5 /* UserDataStorage.swift */; };
		5032604E2D06F93400F60405 /* TypingAnimation.swift in Sources */ = {isa = PBXBuildFile; fileRef = 5032604D2D06F93400F60405 /* TypingAnimation.swift */; };
		5032606A2D086DA500F60405 /* VocabularyViewType.swift in Sources */ = {isa = PBXBuildFile; fileRef = 503260692D086DA500F60405 /* VocabularyViewType.swift */; };
		50BCBBB82CF9E415004D67C8 /* OnboardingStep.swift in Sources */ = {isa = PBXBuildFile; fileRef = 50BCBBB72CF9E415004D67C8 /* OnboardingStep.swift */; };
		50C039002D0B115B008199F4 /* SharedWordContent.swift in Sources */ = {isa = PBXBuildFile; fileRef = 50C038FF2D0B115B008199F4 /* SharedWordContent.swift */; };
/* End PBXBuildFile section */

/* Begin PBXCopyFilesBuildPhase section */
		430941962ACC03A4008566E3 /* Embed Foundation Extensions */ = {
			isa = PBXCopyFilesBuildPhase;
			buildActionMask = 2147483647;
			dstPath = "";
			dstSubfolderSpec = 13;
			files = (
			);
			name = "Embed Foundation Extensions";
			runOnlyForDeploymentPostprocessing = 0;
		};
/* End PBXCopyFilesBuildPhase section */

/* Begin PBXFileReference section */
		43054CA72AF3B70A003374B8 /* PoppingEmoji.swift */ = {isa = PBXFileReference; lastKnownFileType = sourcecode.swift; path = PoppingEmoji.swift; sourceTree = "<group>"; };
		43054CAC2AF3BD62003374B8 /* ShakeAnimation.swift */ = {isa = PBXFileReference; lastKnownFileType = sourcecode.swift; path = ShakeAnimation.swift; sourceTree = "<group>"; };
		43054CAE2AF3BD82003374B8 /* ViewExtensions.swift */ = {isa = PBXFileReference; lastKnownFileType = sourcecode.swift; path = ViewExtensions.swift; sourceTree = "<group>"; };
		43054CB12AF3D981003374B8 /* QuizSettingsView.swift */ = {isa = PBXFileReference; lastKnownFileType = sourcecode.swift; path = QuizSettingsView.swift; sourceTree = "<group>"; };
		430941772ACB6A3B008566E3 /* PrivacyPolicyView.swift */ = {isa = PBXFileReference; lastKnownFileType = sourcecode.swift; path = PrivacyPolicyView.swift; sourceTree = "<group>"; };
		430941792ACB6A9A008566E3 /* FeedbackView.swift */ = {isa = PBXFileReference; lastKnownFileType = sourcecode.swift; path = FeedbackView.swift; sourceTree = "<group>"; };
		430941802ACC03A1008566E3 /* WidgetKit.framework */ = {isa = PBXFileReference; lastKnownFileType = wrapper.framework; name = WidgetKit.framework; path = System/Library/Frameworks/WidgetKit.framework; sourceTree = SDKROOT; };
		430941822ACC03A1008566E3 /* SwiftUI.framework */ = {isa = PBXFileReference; lastKnownFileType = wrapper.framework; name = SwiftUI.framework; path = System/Library/Frameworks/SwiftUI.framework; sourceTree = SDKROOT; };
		431C702B2AEFA4E100FB3C36 /* IntroView.swift */ = {isa = PBXFileReference; lastKnownFileType = sourcecode.swift; path = IntroView.swift; sourceTree = "<group>"; };
		431C70302AEFB08500FB3C36 /* NotificationsSettingsView.swift */ = {isa = PBXFileReference; lastKnownFileType = sourcecode.swift; path = NotificationsSettingsView.swift; sourceTree = "<group>"; };
		431C70322AEFB09400FB3C36 /* NotificationsSettingsViewModel.swift */ = {isa = PBXFileReference; lastKnownFileType = sourcecode.swift; path = NotificationsSettingsViewModel.swift; sourceTree = "<group>"; };
		431C70342AEFB77F00FB3C36 /* CustomSlider.swift */ = {isa = PBXFileReference; lastKnownFileType = sourcecode.swift; path = CustomSlider.swift; sourceTree = "<group>"; };
		431C70372AEFBE4600FB3C36 /* BackgroundImageView.swift */ = {isa = PBXFileReference; lastKnownFileType = sourcecode.swift; path = BackgroundImageView.swift; sourceTree = "<group>"; };
		431C703E2AF01A9700FB3C36 /* OnboardingView.swift */ = {isa = PBXFileReference; lastKnownFileType = sourcecode.swift; path = OnboardingView.swift; sourceTree = "<group>"; };
		431C70412AF0D55000FB3C36 /* SurveyView.swift */ = {isa = PBXFileReference; lastKnownFileType = sourcecode.swift; path = SurveyView.swift; sourceTree = "<group>"; };
		431C70442AF0D94500FB3C36 /* UserLevelView.swift */ = {isa = PBXFileReference; lastKnownFileType = sourcecode.swift; path = UserLevelView.swift; sourceTree = "<group>"; };
		431C70472AF0DA4A00FB3C36 /* MultiSelectButton.swift */ = {isa = PBXFileReference; lastKnownFileType = sourcecode.swift; path = MultiSelectButton.swift; sourceTree = "<group>"; };
		431C70492AF0DB2900FB3C36 /* SingleSelectButton.swift */ = {isa = PBXFileReference; lastKnownFileType = sourcecode.swift; path = SingleSelectButton.swift; sourceTree = "<group>"; };
		431C704C2AF0DEE900FB3C36 /* SelectIconView.swift */ = {isa = PBXFileReference; lastKnownFileType = sourcecode.swift; path = SelectIconView.swift; sourceTree = "<group>"; };
		431C704F2AF0E3BD00FB3C36 /* AskForRatingView.swift */ = {isa = PBXFileReference; lastKnownFileType = sourcecode.swift; path = AskForRatingView.swift; sourceTree = "<group>"; };
		431C70532AF2481500FB3C36 /* MoveToNextPageButton.swift */ = {isa = PBXFileReference; lastKnownFileType = sourcecode.swift; path = MoveToNextPageButton.swift; sourceTree = "<group>"; };
		431C70562AF262AD00FB3C36 /* positive.caf */ = {isa = PBXFileReference; lastKnownFileType = file; path = positive.caf; sourceTree = "<group>"; };
		431C70592AF266BC00FB3C36 /* default.caf */ = {isa = PBXFileReference; lastKnownFileType = file; path = default.caf; sourceTree = "<group>"; };
		431C705B2AF2677300FB3C36 /* classical.caf */ = {isa = PBXFileReference; lastKnownFileType = file; path = classical.caf; sourceTree = "<group>"; };
		43620DED2ACD62B1003FB04E /* VocabularyAppFramework.entitlements */ = {isa = PBXFileReference; lastKnownFileType = text.plist.entitlements; path = VocabularyAppFramework.entitlements; sourceTree = "<group>"; };
		43620DEE2ACD63AF003FB04E /* AppDelegate.swift */ = {isa = PBXFileReference; lastKnownFileType = sourcecode.swift; path = AppDelegate.swift; sourceTree = "<group>"; };
		438788CF2AECEFAC00FCFEB6 /* QCMView.swift */ = {isa = PBXFileReference; lastKnownFileType = sourcecode.swift; path = QCMView.swift; sourceTree = "<group>"; };
		438788D12AECEFCC00FCFEB6 /* QCMViewModel.swift */ = {isa = PBXFileReference; lastKnownFileType = sourcecode.swift; path = QCMViewModel.swift; sourceTree = "<group>"; };
		43ACAC1B2AC6DD8C003ED836 /* StoreKitManager.swift */ = {isa = PBXFileReference; lastKnownFileType = sourcecode.swift; path = StoreKitManager.swift; sourceTree = "<group>"; };
		43ADC93F2AC2D32400A0781C /* ChangeIconView.swift */ = {isa = PBXFileReference; lastKnownFileType = sourcecode.swift; path = ChangeIconView.swift; sourceTree = "<group>"; };
		43ADC9412AC2F4B800A0781C /* Theme.swift */ = {isa = PBXFileReference; lastKnownFileType = sourcecode.swift; path = Theme.swift; sourceTree = "<group>"; };
		43ADC9442AC2FDB100A0781C /* ThemesManager.swift */ = {isa = PBXFileReference; lastKnownFileType = sourcecode.swift; path = ThemesManager.swift; sourceTree = "<group>"; };
		43C3F8FC2AC59AD30060B81E /* StoreKit.framework */ = {isa = PBXFileReference; lastKnownFileType = wrapper.framework; name = StoreKit.framework; path = System/Library/Frameworks/StoreKit.framework; sourceTree = SDKROOT; };
		43C3F9182AC5A14C0060B81E /* Words - improve my vocabulary.storekit */ = {isa = PBXFileReference; lastKnownFileType = text; path = "Words - improve my vocabulary.storekit"; sourceTree = "<group>"; };
		43C3F91D2AC5B1950060B81E /* PremiumStatus.swift */ = {isa = PBXFileReference; lastKnownFileType = sourcecode.swift; path = PremiumStatus.swift; sourceTree = "<group>"; };
		43C94F592ACABDE700EDBED6 /* CategoriesView.swift */ = {isa = PBXFileReference; fileEncoding = 4; lastKnownFileType = sourcecode.swift; path = CategoriesView.swift; sourceTree = "<group>"; };
		43DB2E932ABF312C00081BDC /* MakeYourOwnMixView.swift */ = {isa = PBXFileReference; lastKnownFileType = sourcecode.swift; path = MakeYourOwnMixView.swift; sourceTree = "<group>"; };
		43E943B22AB9CDDF008F79B5 /* VocabularyAppFramework.app */ = {isa = PBXFileReference; explicitFileType = wrapper.application; includeInIndex = 0; path = VocabularyAppFramework.app; sourceTree = BUILT_PRODUCTS_DIR; };
		43E943B52AB9CDDF008F79B5 /* VocabularyAppFrameworkApp.swift */ = {isa = PBXFileReference; lastKnownFileType = sourcecode.swift; path = VocabularyAppFrameworkApp.swift; sourceTree = "<group>"; };
		43E943B72AB9CDDF008F79B5 /* HomeView.swift */ = {isa = PBXFileReference; lastKnownFileType = sourcecode.swift; path = HomeView.swift; sourceTree = "<group>"; };
		43E943B92AB9CDE0008F79B5 /* Assets.xcassets */ = {isa = PBXFileReference; lastKnownFileType = folder.assetcatalog; path = Assets.xcassets; sourceTree = "<group>"; };
		43E943BC2AB9CDE0008F79B5 /* Preview Assets.xcassets */ = {isa = PBXFileReference; lastKnownFileType = folder.assetcatalog; path = "Preview Assets.xcassets"; sourceTree = "<group>"; };
		43E943C62AB9CE2C008F79B5 /* HomeViewModel.swift */ = {isa = PBXFileReference; lastKnownFileType = sourcecode.swift; path = HomeViewModel.swift; sourceTree = "<group>"; };
		43E943CA2AB9D189008F79B5 /* CustomButton.swift */ = {isa = PBXFileReference; lastKnownFileType = sourcecode.swift; path = CustomButton.swift; sourceTree = "<group>"; };
		43E943D12AB9D62B008F79B5 /* CustomButtonMarked.swift */ = {isa = PBXFileReference; lastKnownFileType = sourcecode.swift; path = CustomButtonMarked.swift; sourceTree = "<group>"; };
		43E943D32AB9D821008F79B5 /* CategoryButton.swift */ = {isa = PBXFileReference; lastKnownFileType = sourcecode.swift; path = CategoryButton.swift; sourceTree = "<group>"; };
		43E943D82AB9E07A008F79B5 /* ThemesView.swift */ = {isa = PBXFileReference; lastKnownFileType = sourcecode.swift; path = ThemesView.swift; sourceTree = "<group>"; };
		43E943DA2AB9E18F008F79B5 /* ThemeButton.swift */ = {isa = PBXFileReference; lastKnownFileType = sourcecode.swift; path = ThemeButton.swift; sourceTree = "<group>"; };
		43E943E12ABA123D008F79B5 /* PremiumView.swift */ = {isa = PBXFileReference; lastKnownFileType = sourcecode.swift; path = PremiumView.swift; sourceTree = "<group>"; };
		43E943E42ABA193C008F79B5 /* Word.swift */ = {isa = PBXFileReference; lastKnownFileType = sourcecode.swift; path = Word.swift; sourceTree = "<group>"; };
		43E943EB2ABAE3F6008F79B5 /* SettingsView.swift */ = {isa = PBXFileReference; lastKnownFileType = sourcecode.swift; path = SettingsView.swift; sourceTree = "<group>"; };
		43E943ED2ABAF486008F79B5 /* GeneralView.swift */ = {isa = PBXFileReference; lastKnownFileType = sourcecode.swift; path = GeneralView.swift; sourceTree = "<group>"; };
		43E943F02ABB28BE008F79B5 /* ManageSubscriptionView.swift */ = {isa = PBXFileReference; lastKnownFileType = sourcecode.swift; path = ManageSubscriptionView.swift; sourceTree = "<group>"; };
		43E943F32ABC446F008F79B5 /* words.json */ = {isa = PBXFileReference; fileEncoding = 4; lastKnownFileType = text.json; path = words.json; sourceTree = "<group>"; };
		43E943F72ABC460D008F79B5 /* JSONParser.swift */ = {isa = PBXFileReference; lastKnownFileType = sourcecode.swift; path = JSONParser.swift; sourceTree = "<group>"; };
		43E943FA2ABC7FCD008F79B5 /* WordManager.swift */ = {isa = PBXFileReference; lastKnownFileType = sourcecode.swift; path = WordManager.swift; sourceTree = "<group>"; };
		43E943FD2ABDAEC9008F79B5 /* Colors.swift */ = {isa = PBXFileReference; lastKnownFileType = sourcecode.swift; path = Colors.swift; sourceTree = "<group>"; };
		43E943FF2ABDDC54008F79B5 /* UserDataStorage.swift */ = {isa = PBXFileReference; lastKnownFileType = sourcecode.swift; path = UserDataStorage.swift; sourceTree = "<group>"; };
		5032604D2D06F93400F60405 /* TypingAnimation.swift */ = {isa = PBXFileReference; lastKnownFileType = sourcecode.swift; path = TypingAnimation.swift; sourceTree = "<group>"; };
		503260692D086DA500F60405 /* VocabularyViewType.swift */ = {isa = PBXFileReference; lastKnownFileType = sourcecode.swift; path = VocabularyViewType.swift; sourceTree = "<group>"; };
		50BCBBB72CF9E415004D67C8 /* OnboardingStep.swift */ = {isa = PBXFileReference; lastKnownFileType = sourcecode.swift; path = OnboardingStep.swift; sourceTree = "<group>"; };
		50C038FF2D0B115B008199F4 /* SharedWordContent.swift */ = {isa = PBXFileReference; lastKnownFileType = sourcecode.swift; path = SharedWordContent.swift; sourceTree = "<group>"; };
/* End PBXFileReference section */

/* Begin PBXFileSystemSynchronizedRootGroup section */
		503260512D06FFB500F60405 /* WordView */ = {isa = PBXFileSystemSynchronizedRootGroup; explicitFileTypes = {}; explicitFolders = (); path = WordView; sourceTree = "<group>"; };
		5032606B2D086DDA00F60405 /* FillInBlanks */ = {isa = PBXFileSystemSynchronizedRootGroup; explicitFileTypes = {}; explicitFolders = (); path = FillInBlanks; sourceTree = "<group>"; };
		5032606E2D086E5100F60405 /* Anagrams */ = {isa = PBXFileSystemSynchronizedRootGroup; explicitFileTypes = {}; explicitFolders = (); path = Anagrams; sourceTree = "<group>"; };
		50BCBBB92CF9F251004D67C8 /* WordWritingView */ = {isa = PBXFileSystemSynchronizedRootGroup; explicitFileTypes = {}; explicitFolders = (); path = WordWritingView; sourceTree = "<group>"; };
/* End PBXFileSystemSynchronizedRootGroup section */

/* Begin PBXFrameworksBuildPhase section */
		43E943AF2AB9CDDF008F79B5 /* Frameworks */ = {
			isa = PBXFrameworksBuildPhase;
			buildActionMask = 2147483647;
			files = (
				43C3F8FD2AC59AD30060B81E /* StoreKit.framework in Frameworks */,
			);
			runOnlyForDeploymentPostprocessing = 0;
		};
/* End PBXFrameworksBuildPhase section */

/* Begin PBXGroup section */
		43054CA62AF3B6FB003374B8 /* Animations */ = {
			isa = PBXGroup;
			children = (
				43054CA72AF3B70A003374B8 /* PoppingEmoji.swift */,
				43054CAC2AF3BD62003374B8 /* ShakeAnimation.swift */,
				5032604D2D06F93400F60405 /* TypingAnimation.swift */,
			);
			path = Animations;
			sourceTree = "<group>";
		};
		43054CB02AF3D96E003374B8 /* QuizSettingsView */ = {
			isa = PBXGroup;
			children = (
				43054CB12AF3D981003374B8 /* QuizSettingsView.swift */,
			);
			path = QuizSettingsView;
			sourceTree = "<group>";
		};
		431C70292AEFA4C100FB3C36 /* Onboarding */ = {
			isa = PBXGroup;
			children = (
				431C703E2AF01A9700FB3C36 /* OnboardingView.swift */,
				431C704E2AF0E3A900FB3C36 /* AskForRatingView */,
				431C704B2AF0DEDE00FB3C36 /* SelectIconView */,
				431C70432AF0D92400FB3C36 /* UserLevelView */,
				431C70402AF0D54300FB3C36 /* SurveyView */,
				431C702A2AEFA4CD00FB3C36 /* IntroView */,
				431C702D2AEFB06100FB3C36 /* NotificationsSettings */,
			);
			path = Onboarding;
			sourceTree = "<group>";
		};
		431C702A2AEFA4CD00FB3C36 /* IntroView */ = {
			isa = PBXGroup;
			children = (
				431C702B2AEFA4E100FB3C36 /* IntroView.swift */,
			);
			path = IntroView;
			sourceTree = "<group>";
		};
		431C702D2AEFB06100FB3C36 /* NotificationsSettings */ = {
			isa = PBXGroup;
			children = (
				431C702F2AEFB07B00FB3C36 /* View */,
				431C702E2AEFB07800FB3C36 /* ViewModel */,
			);
			path = NotificationsSettings;
			sourceTree = "<group>";
		};
		431C702E2AEFB07800FB3C36 /* ViewModel */ = {
			isa = PBXGroup;
			children = (
				431C70322AEFB09400FB3C36 /* NotificationsSettingsViewModel.swift */,
			);
			path = ViewModel;
			sourceTree = "<group>";
		};
		431C702F2AEFB07B00FB3C36 /* View */ = {
			isa = PBXGroup;
			children = (
				431C70302AEFB08500FB3C36 /* NotificationsSettingsView.swift */,
			);
			path = View;
			sourceTree = "<group>";
		};
		431C70362AEFBE3700FB3C36 /* Images */ = {
			isa = PBXGroup;
			children = (
				431C70372AEFBE4600FB3C36 /* BackgroundImageView.swift */,
			);
			path = Images;
			sourceTree = "<group>";
		};
		431C70402AF0D54300FB3C36 /* SurveyView */ = {
			isa = PBXGroup;
			children = (
				431C70412AF0D55000FB3C36 /* SurveyView.swift */,
			);
			path = SurveyView;
			sourceTree = "<group>";
		};
		431C70432AF0D92400FB3C36 /* UserLevelView */ = {
			isa = PBXGroup;
			children = (
				431C70442AF0D94500FB3C36 /* UserLevelView.swift */,
			);
			path = UserLevelView;
			sourceTree = "<group>";
		};
		431C704B2AF0DEDE00FB3C36 /* SelectIconView */ = {
			isa = PBXGroup;
			children = (
				431C704C2AF0DEE900FB3C36 /* SelectIconView.swift */,
			);
			path = SelectIconView;
			sourceTree = "<group>";
		};
		431C704E2AF0E3A900FB3C36 /* AskForRatingView */ = {
			isa = PBXGroup;
			children = (
				431C704F2AF0E3BD00FB3C36 /* AskForRatingView.swift */,
			);
			path = AskForRatingView;
			sourceTree = "<group>";
		};
		431C70552AF2629800FB3C36 /* Sounds */ = {
			isa = PBXGroup;
			children = (
				431C70582AF2650200FB3C36 /* NotificationsSounds */,
			);
			path = Sounds;
			sourceTree = "<group>";
		};
		431C70582AF2650200FB3C36 /* NotificationsSounds */ = {
			isa = PBXGroup;
			children = (
				431C705B2AF2677300FB3C36 /* classical.caf */,
				431C70592AF266BC00FB3C36 /* default.caf */,
				431C70562AF262AD00FB3C36 /* positive.caf */,
			);
			path = NotificationsSounds;
			sourceTree = "<group>";
		};
		438788CC2AECEF9100FCFEB6 /* QCM */ = {
			isa = PBXGroup;
			children = (
				438788CE2AECEFA000FCFEB6 /* ViewModel */,
				438788CD2AECEF9400FCFEB6 /* View */,
			);
			path = QCM;
			sourceTree = "<group>";
		};
		438788CD2AECEF9400FCFEB6 /* View */ = {
			isa = PBXGroup;
			children = (
				438788CF2AECEFAC00FCFEB6 /* QCMView.swift */,
			);
			path = View;
			sourceTree = "<group>";
		};
		438788CE2AECEFA000FCFEB6 /* ViewModel */ = {
			isa = PBXGroup;
			children = (
				438788D12AECEFCC00FCFEB6 /* QCMViewModel.swift */,
			);
			path = ViewModel;
			sourceTree = "<group>";
		};
		43ADC9432AC2FDA800A0781C /* ThemesManager */ = {
			isa = PBXGroup;
			children = (
				43ADC9442AC2FDB100A0781C /* ThemesManager.swift */,
			);
			path = ThemesManager;
			sourceTree = "<group>";
		};
		43C3F8F92AC59AC30060B81E /* Frameworks */ = {
			isa = PBXGroup;
			children = (
				43C3F8FC2AC59AD30060B81E /* StoreKit.framework */,
				430941802ACC03A1008566E3 /* WidgetKit.framework */,
				430941822ACC03A1008566E3 /* SwiftUI.framework */,
			);
			name = Frameworks;
			sourceTree = "<group>";
		};
		43C3F91A2AC5A16C0060B81E /* StoreKit */ = {
			isa = PBXGroup;
			children = (
				43C3F9182AC5A14C0060B81E /* Words - improve my vocabulary.storekit */,
				43C3F91D2AC5B1950060B81E /* PremiumStatus.swift */,
				43ACAC1B2AC6DD8C003ED836 /* StoreKitManager.swift */,
			);
			path = StoreKit;
			sourceTree = "<group>";
		};
		43C94F562ACABDCE00EDBED6 /* Categories */ = {
			isa = PBXGroup;
			children = (
				43C94F582ACABDDE00EDBED6 /* ViewModel */,
				43C94F572ACABDD900EDBED6 /* View */,
			);
			path = Categories;
			sourceTree = "<group>";
		};
		43C94F572ACABDD900EDBED6 /* View */ = {
			isa = PBXGroup;
			children = (
				43C94F592ACABDE700EDBED6 /* CategoriesView.swift */,
			);
			path = View;
			sourceTree = "<group>";
		};
		43C94F582ACABDDE00EDBED6 /* ViewModel */ = {
			isa = PBXGroup;
			children = (
			);
			path = ViewModel;
			sourceTree = "<group>";
		};
		43DB2E8F2ABF310500081BDC /* Core */ = {
			isa = PBXGroup;
			children = (
				5032606E2D086E5100F60405 /* Anagrams */,
				5032606B2D086DDA00F60405 /* FillInBlanks */,
				503260512D06FFB500F60405 /* WordView */,
				50BCBBB92CF9F251004D67C8 /* WordWritingView */,
				43C94F562ACABDCE00EDBED6 /* Categories */,
				43DB2E902ABF311900081BDC /* MakeYourOwnMix */,
				43E943DE2ABA1227008F79B5 /* Premium */,
				438788CC2AECEF9100FCFEB6 /* QCM */,
				43054CB02AF3D96E003374B8 /* QuizSettingsView */,
				43E943E82ABAE3CD008F79B5 /* Settings */,
				43E943D52AB9E058008F79B5 /* Themes */,
			);
			path = Core;
			sourceTree = "<group>";
		};
		43DB2E902ABF311900081BDC /* MakeYourOwnMix */ = {
			isa = PBXGroup;
			children = (
				43DB2E922ABF312300081BDC /* View */,
				43DB2E912ABF311F00081BDC /* ViewModel */,
			);
			path = MakeYourOwnMix;
			sourceTree = "<group>";
		};
		43DB2E912ABF311F00081BDC /* ViewModel */ = {
			isa = PBXGroup;
			children = (
			);
			path = ViewModel;
			sourceTree = "<group>";
		};
		43DB2E922ABF312300081BDC /* View */ = {
			isa = PBXGroup;
			children = (
				43DB2E932ABF312C00081BDC /* MakeYourOwnMixView.swift */,
			);
			path = View;
			sourceTree = "<group>";
		};
		43E943A92AB9CDDF008F79B5 = {
			isa = PBXGroup;
			children = (
				43E943B42AB9CDDF008F79B5 /* VocabularyAppFramework */,
				43E943B92AB9CDE0008F79B5 /* Assets.xcassets */,
				431C70552AF2629800FB3C36 /* Sounds */,
				43E943B32AB9CDDF008F79B5 /* Products */,
				43C3F8F92AC59AC30060B81E /* Frameworks */,
			);
			sourceTree = "<group>";
		};
		43E943B32AB9CDDF008F79B5 /* Products */ = {
			isa = PBXGroup;
			children = (
				43E943B22AB9CDDF008F79B5 /* VocabularyAppFramework.app */,
			);
			name = Products;
			sourceTree = "<group>";
		};
		43E943B42AB9CDDF008F79B5 /* VocabularyAppFramework */ = {
			isa = PBXGroup;
			children = (
				43620DED2ACD62B1003FB04E /* VocabularyAppFramework.entitlements */,
				43620DEE2ACD63AF003FB04E /* AppDelegate.swift */,
				43E943B52AB9CDDF008F79B5 /* VocabularyAppFrameworkApp.swift */,
				43E943C52AB9CE16008F79B5 /* Home */,
				431C70292AEFA4C100FB3C36 /* Onboarding */,
				43DB2E8F2ABF310500081BDC /* Core */,
				43E943C82AB9D17A008F79B5 /* Components */,
				43E943F52ABC45FB008F79B5 /* Managers */,
				43E943FC2ABDAEC2008F79B5 /* Extension */,
				43E943E32ABA1931008F79B5 /* Model */,
				43E943F22ABC444D008F79B5 /* Data */,
				43E943BB2AB9CDE0008F79B5 /* Preview Content */,
			);
			path = VocabularyAppFramework;
			sourceTree = "<group>";
		};
		43E943BB2AB9CDE0008F79B5 /* Preview Content */ = {
			isa = PBXGroup;
			children = (
				43E943BC2AB9CDE0008F79B5 /* Preview Assets.xcassets */,
			);
			path = "Preview Content";
			sourceTree = "<group>";
		};
		43E943C32AB9CE0D008F79B5 /* ViewModel */ = {
			isa = PBXGroup;
			children = (
				43E943C62AB9CE2C008F79B5 /* HomeViewModel.swift */,
			);
			path = ViewModel;
			sourceTree = "<group>";
		};
		43E943C42AB9CE14008F79B5 /* View */ = {
			isa = PBXGroup;
			children = (
				43E943B72AB9CDDF008F79B5 /* HomeView.swift */,
			);
			path = View;
			sourceTree = "<group>";
		};
		43E943C52AB9CE16008F79B5 /* Home */ = {
			isa = PBXGroup;
			children = (
				43E943C32AB9CE0D008F79B5 /* ViewModel */,
				43E943C42AB9CE14008F79B5 /* View */,
			);
			path = Home;
			sourceTree = "<group>";
		};
		43E943C82AB9D17A008F79B5 /* Components */ = {
			isa = PBXGroup;
			children = (
				43054CA62AF3B6FB003374B8 /* Animations */,
				431C70362AEFBE3700FB3C36 /* Images */,
				43E943C92AB9D181008F79B5 /* Buttons */,
				431C70342AEFB77F00FB3C36 /* CustomSlider.swift */,
				50C038FF2D0B115B008199F4 /* SharedWordContent.swift */,
			);
			path = Components;
			sourceTree = "<group>";
		};
		43E943C92AB9D181008F79B5 /* Buttons */ = {
			isa = PBXGroup;
			children = (
				431C70472AF0DA4A00FB3C36 /* MultiSelectButton.swift */,
				431C70492AF0DB2900FB3C36 /* SingleSelectButton.swift */,
				43E943CA2AB9D189008F79B5 /* CustomButton.swift */,
				43E943D12AB9D62B008F79B5 /* CustomButtonMarked.swift */,
				43E943D32AB9D821008F79B5 /* CategoryButton.swift */,
				43E943DA2AB9E18F008F79B5 /* ThemeButton.swift */,
				431C70532AF2481500FB3C36 /* MoveToNextPageButton.swift */,
			);
			path = Buttons;
			sourceTree = "<group>";
		};
		43E943D52AB9E058008F79B5 /* Themes */ = {
			isa = PBXGroup;
			children = (
				43E943D62AB9E05F008F79B5 /* ViewModel */,
				43E943D72AB9E06E008F79B5 /* View */,
			);
			path = Themes;
			sourceTree = "<group>";
		};
		43E943D62AB9E05F008F79B5 /* ViewModel */ = {
			isa = PBXGroup;
			children = (
			);
			path = ViewModel;
			sourceTree = "<group>";
		};
		43E943D72AB9E06E008F79B5 /* View */ = {
			isa = PBXGroup;
			children = (
				43E943D82AB9E07A008F79B5 /* ThemesView.swift */,
			);
			path = View;
			sourceTree = "<group>";
		};
		43E943DE2ABA1227008F79B5 /* Premium */ = {
			isa = PBXGroup;
			children = (
				43E943DF2ABA122B008F79B5 /* ViewModel */,
				43E943E02ABA1231008F79B5 /* View */,
			);
			path = Premium;
			sourceTree = "<group>";
		};
		43E943DF2ABA122B008F79B5 /* ViewModel */ = {
			isa = PBXGroup;
			children = (
			);
			path = ViewModel;
			sourceTree = "<group>";
		};
		43E943E02ABA1231008F79B5 /* View */ = {
			isa = PBXGroup;
			children = (
				43E943E12ABA123D008F79B5 /* PremiumView.swift */,
			);
			path = View;
			sourceTree = "<group>";
		};
		43E943E32ABA1931008F79B5 /* Model */ = {
			isa = PBXGroup;
			children = (
				43E943E42ABA193C008F79B5 /* Word.swift */,
				43ADC9412AC2F4B800A0781C /* Theme.swift */,
				50BCBBB72CF9E415004D67C8 /* OnboardingStep.swift */,
				503260692D086DA500F60405 /* VocabularyViewType.swift */,
			);
			path = Model;
			sourceTree = "<group>";
		};
		43E943E82ABAE3CD008F79B5 /* Settings */ = {
			isa = PBXGroup;
			children = (
				43E943EA2ABAE3D4008F79B5 /* Views */,
				43E943E92ABAE3D1008F79B5 /* ViewModel */,
				43ADC93F2AC2D32400A0781C /* ChangeIconView.swift */,
			);
			path = Settings;
			sourceTree = "<group>";
		};
		43E943E92ABAE3D1008F79B5 /* ViewModel */ = {
			isa = PBXGroup;
			children = (
			);
			path = ViewModel;
			sourceTree = "<group>";
		};
		43E943EA2ABAE3D4008F79B5 /* Views */ = {
			isa = PBXGroup;
			children = (
				43E943EB2ABAE3F6008F79B5 /* SettingsView.swift */,
				43E943EF2ABAF4B8008F79B5 /* SubViews */,
			);
			path = Views;
			sourceTree = "<group>";
		};
		43E943EF2ABAF4B8008F79B5 /* SubViews */ = {
			isa = PBXGroup;
			children = (
				43E943ED2ABAF486008F79B5 /* GeneralView.swift */,
				43E943F02ABB28BE008F79B5 /* ManageSubscriptionView.swift */,
				430941772ACB6A3B008566E3 /* PrivacyPolicyView.swift */,
				430941792ACB6A9A008566E3 /* FeedbackView.swift */,
			);
			path = SubViews;
			sourceTree = "<group>";
		};
		43E943F22ABC444D008F79B5 /* Data */ = {
			isa = PBXGroup;
			children = (
				43E943F32ABC446F008F79B5 /* words.json */,
			);
			path = Data;
			sourceTree = "<group>";
		};
		43E943F52ABC45FB008F79B5 /* Managers */ = {
			isa = PBXGroup;
			children = (
				43C3F91A2AC5A16C0060B81E /* StoreKit */,
				43ADC9432AC2FDA800A0781C /* ThemesManager */,
				43E943F92ABC7FC5008F79B5 /* WordManager */,
				43E943F62ABC4603008F79B5 /* JSON */,
				43E943FF2ABDDC54008F79B5 /* UserDataStorage.swift */,
			);
			path = Managers;
			sourceTree = "<group>";
		};
		43E943F62ABC4603008F79B5 /* JSON */ = {
			isa = PBXGroup;
			children = (
				43E943F72ABC460D008F79B5 /* JSONParser.swift */,
			);
			path = JSON;
			sourceTree = "<group>";
		};
		43E943F92ABC7FC5008F79B5 /* WordManager */ = {
			isa = PBXGroup;
			children = (
				43E943FA2ABC7FCD008F79B5 /* WordManager.swift */,
			);
			path = WordManager;
			sourceTree = "<group>";
		};
		43E943FC2ABDAEC2008F79B5 /* Extension */ = {
			isa = PBXGroup;
			children = (
				43E943FD2ABDAEC9008F79B5 /* Colors.swift */,
				43054CAE2AF3BD82003374B8 /* ViewExtensions.swift */,
			);
			path = Extension;
			sourceTree = "<group>";
		};
/* End PBXGroup section */

/* Begin PBXNativeTarget section */
		43E943B12AB9CDDF008F79B5 /* VocabularyAppFramework */ = {
			isa = PBXNativeTarget;
			buildConfigurationList = 43E943C02AB9CDE0008F79B5 /* Build configuration list for PBXNativeTarget "VocabularyAppFramework" */;
			buildPhases = (
				43E943AE2AB9CDDF008F79B5 /* Sources */,
				43E943AF2AB9CDDF008F79B5 /* Frameworks */,
				43E943B02AB9CDDF008F79B5 /* Resources */,
				430941962ACC03A4008566E3 /* Embed Foundation Extensions */,
			);
			buildRules = (
			);
			dependencies = (
			);
			fileSystemSynchronizedGroups = (
				503260512D06FFB500F60405 /* WordView */,
				5032606B2D086DDA00F60405 /* FillInBlanks */,
				5032606E2D086E5100F60405 /* Anagrams */,
				50BCBBB92CF9F251004D67C8 /* WordWritingView */,
			);
			name = VocabularyAppFramework;
			packageProductDependencies = (
			);
			productName = VocabularyAppFramework;
			productReference = 43E943B22AB9CDDF008F79B5 /* VocabularyAppFramework.app */;
			productType = "com.apple.product-type.application";
		};
/* End PBXNativeTarget section */

/* Begin PBXProject section */
		43E943AA2AB9CDDF008F79B5 /* Project object */ = {
			isa = PBXProject;
			attributes = {
				BuildIndependentTargetsInParallel = 1;
				LastSwiftUpdateCheck = 1500;
				LastUpgradeCheck = 1500;
				TargetAttributes = {
					43E943B12AB9CDDF008F79B5 = {
						CreatedOnToolsVersion = 14.3.1;
					};
				};
			};
			buildConfigurationList = 43E943AD2AB9CDDF008F79B5 /* Build configuration list for PBXProject "VocabularyAppFramework" */;
			compatibilityVersion = "Xcode 14.0";
			developmentRegion = en;
			hasScannedForEncodings = 0;
			knownRegions = (
				en,
				Base,
			);
			mainGroup = 43E943A92AB9CDDF008F79B5;
			packageReferences = (
				43C3D5412ACFFE1F002FC3EE /* XCRemoteSwiftPackageReference "facebook-ios-sdk" */,
			);
			productRefGroup = 43E943B32AB9CDDF008F79B5 /* Products */;
			projectDirPath = "";
			projectRoot = "";
			targets = (
				43E943B12AB9CDDF008F79B5 /* VocabularyAppFramework */,
			);
		};
/* End PBXProject section */

/* Begin PBXResourcesBuildPhase section */
		43E943B02AB9CDDF008F79B5 /* Resources */ = {
			isa = PBXResourcesBuildPhase;
			buildActionMask = 2147483647;
			files = (
				43E943F42ABC446F008F79B5 /* words.json in Resources */,
				43E943BD2AB9CDE0008F79B5 /* Preview Assets.xcassets in Resources */,
				431C705C2AF2677400FB3C36 /* classical.caf in Resources */,
				431C705A2AF266BC00FB3C36 /* default.caf in Resources */,
				43E943BA2AB9CDE0008F79B5 /* Assets.xcassets in Resources */,
				43C3F9192AC5A14C0060B81E /* Words - improve my vocabulary.storekit in Resources */,
				431C70572AF2641E00FB3C36 /* positive.caf in Resources */,
			);
			runOnlyForDeploymentPostprocessing = 0;
		};
/* End PBXResourcesBuildPhase section */

/* Begin PBXSourcesBuildPhase section */
		43E943AE2AB9CDDF008F79B5 /* Sources */ = {
			isa = PBXSourcesBuildPhase;
			buildActionMask = 2147483647;
			files = (
				43E943CB2AB9D189008F79B5 /* CustomButton.swift in Sources */,
				4309417A2ACB6A9A008566E3 /* FeedbackView.swift in Sources */,
				43E943FE2ABDAEC9008F79B5 /* Colors.swift in Sources */,
				43ADC9452AC2FDB100A0781C /* ThemesManager.swift in Sources */,
				431C70422AF0D55000FB3C36 /* SurveyView.swift in Sources */,
				43E943B82AB9CDDF008F79B5 /* HomeView.swift in Sources */,
				43E943F82ABC460D008F79B5 /* JSONParser.swift in Sources */,
				431C704D2AF0DEE900FB3C36 /* SelectIconView.swift in Sources */,
				43C3F91E2AC5B1950060B81E /* PremiumStatus.swift in Sources */,
				43C94F5A2ACABDE700EDBED6 /* CategoriesView.swift in Sources */,
				50C039002D0B115B008199F4 /* SharedWordContent.swift in Sources */,
				50BCBBB82CF9E415004D67C8 /* OnboardingStep.swift in Sources */,
				43E943DB2AB9E18F008F79B5 /* ThemeButton.swift in Sources */,
				43054CAD2AF3BD62003374B8 /* ShakeAnimation.swift in Sources */,
				43ADC9422AC2F4B800A0781C /* Theme.swift in Sources */,
				43E943C72AB9CE2C008F79B5 /* HomeViewModel.swift in Sources */,
				438788D02AECEFAC00FCFEB6 /* QCMView.swift in Sources */,
				43E943F12ABB28BE008F79B5 /* ManageSubscriptionView.swift in Sources */,
				43E943D92AB9E07A008F79B5 /* ThemesView.swift in Sources */,
				43E943FB2ABC7FCD008F79B5 /* WordManager.swift in Sources */,
				43E943EE2ABAF486008F79B5 /* GeneralView.swift in Sources */,
				431C70452AF0D94500FB3C36 /* UserLevelView.swift in Sources */,
				430941782ACB6A3B008566E3 /* PrivacyPolicyView.swift in Sources */,
				5032604E2D06F93400F60405 /* TypingAnimation.swift in Sources */,
				43E943E52ABA193C008F79B5 /* Word.swift in Sources */,
				431C70352AEFB77F00FB3C36 /* CustomSlider.swift in Sources */,
				43054CB22AF3D981003374B8 /* QuizSettingsView.swift in Sources */,
				43620DEF2ACD63AF003FB04E /* AppDelegate.swift in Sources */,
				431C70332AEFB09400FB3C36 /* NotificationsSettingsViewModel.swift in Sources */,
				431C70382AEFBE4600FB3C36 /* BackgroundImageView.swift in Sources */,
				431C702C2AEFA4E100FB3C36 /* IntroView.swift in Sources */,
				431C703F2AF01A9700FB3C36 /* OnboardingView.swift in Sources */,
				431C70502AF0E3BD00FB3C36 /* AskForRatingView.swift in Sources */,
				43E943E22ABA123D008F79B5 /* PremiumView.swift in Sources */,
				43E943D42AB9D821008F79B5 /* CategoryButton.swift in Sources */,
				43E943D22AB9D62B008F79B5 /* CustomButtonMarked.swift in Sources */,
				431C70482AF0DA4A00FB3C36 /* MultiSelectButton.swift in Sources */,
				43054CA82AF3B70A003374B8 /* PoppingEmoji.swift in Sources */,
				43E944002ABDDC54008F79B5 /* UserDataStorage.swift in Sources */,
				438788D22AECEFCC00FCFEB6 /* QCMViewModel.swift in Sources */,
				431C70312AEFB08500FB3C36 /* NotificationsSettingsView.swift in Sources */,
				431C70542AF2481500FB3C36 /* MoveToNextPageButton.swift in Sources */,
				43DB2E942ABF312C00081BDC /* MakeYourOwnMixView.swift in Sources */,
				43054CAF2AF3BD82003374B8 /* ViewExtensions.swift in Sources */,
				43ACAC1C2AC6DD8C003ED836 /* StoreKitManager.swift in Sources */,
				43ADC9402AC2D32400A0781C /* ChangeIconView.swift in Sources */,
				5032606A2D086DA500F60405 /* VocabularyViewType.swift in Sources */,
				43E943B62AB9CDDF008F79B5 /* VocabularyAppFrameworkApp.swift in Sources */,
				431C704A2AF0DB2900FB3C36 /* SingleSelectButton.swift in Sources */,
				43E943EC2ABAE3F6008F79B5 /* SettingsView.swift in Sources */,
			);
			runOnlyForDeploymentPostprocessing = 0;
		};
/* End PBXSourcesBuildPhase section */

/* Begin XCBuildConfiguration section */
		43E943BE2AB9CDE0008F79B5 /* Debug */ = {
			isa = XCBuildConfiguration;
			buildSettings = {
				ALWAYS_SEARCH_USER_PATHS = NO;
				ASSETCATALOG_COMPILER_GENERATE_SWIFT_ASSET_SYMBOL_EXTENSIONS = YES;
				CLANG_ANALYZER_NONNULL = YES;
				CLANG_ANALYZER_NUMBER_OBJECT_CONVERSION = YES_AGGRESSIVE;
				CLANG_CXX_LANGUAGE_STANDARD = "gnu++20";
				CLANG_ENABLE_MODULES = YES;
				CLANG_ENABLE_OBJC_ARC = YES;
				CLANG_ENABLE_OBJC_WEAK = YES;
				CLANG_WARN_BLOCK_CAPTURE_AUTORELEASING = YES;
				CLANG_WARN_BOOL_CONVERSION = YES;
				CLANG_WARN_COMMA = YES;
				CLANG_WARN_CONSTANT_CONVERSION = YES;
				CLANG_WARN_DEPRECATED_OBJC_IMPLEMENTATIONS = YES;
				CLANG_WARN_DIRECT_OBJC_ISA_USAGE = YES_ERROR;
				CLANG_WARN_DOCUMENTATION_COMMENTS = YES;
				CLANG_WARN_EMPTY_BODY = YES;
				CLANG_WARN_ENUM_CONVERSION = YES;
				CLANG_WARN_INFINITE_RECURSION = YES;
				CLANG_WARN_INT_CONVERSION = YES;
				CLANG_WARN_NON_LITERAL_NULL_CONVERSION = YES;
				CLANG_WARN_OBJC_IMPLICIT_RETAIN_SELF = YES;
				CLANG_WARN_OBJC_LITERAL_CONVERSION = YES;
				CLANG_WARN_OBJC_ROOT_CLASS = YES_ERROR;
				CLANG_WARN_QUOTED_INCLUDE_IN_FRAMEWORK_HEADER = YES;
				CLANG_WARN_RANGE_LOOP_ANALYSIS = YES;
				CLANG_WARN_STRICT_PROTOTYPES = YES;
				CLANG_WARN_SUSPICIOUS_MOVE = YES;
				CLANG_WARN_UNGUARDED_AVAILABILITY = YES_AGGRESSIVE;
				CLANG_WARN_UNREACHABLE_CODE = YES;
				CLANG_WARN__DUPLICATE_METHOD_MATCH = YES;
				COPY_PHASE_STRIP = NO;
				DEBUG_INFORMATION_FORMAT = dwarf;
				ENABLE_STRICT_OBJC_MSGSEND = YES;
				ENABLE_TESTABILITY = YES;
				ENABLE_USER_SCRIPT_SANDBOXING = YES;
				GCC_C_LANGUAGE_STANDARD = gnu11;
				GCC_DYNAMIC_NO_PIC = NO;
				GCC_NO_COMMON_BLOCKS = YES;
				GCC_OPTIMIZATION_LEVEL = 0;
				GCC_PREPROCESSOR_DEFINITIONS = (
					"DEBUG=1",
					"$(inherited)",
				);
				GCC_WARN_64_TO_32_BIT_CONVERSION = YES;
				GCC_WARN_ABOUT_RETURN_TYPE = YES_ERROR;
				GCC_WARN_UNDECLARED_SELECTOR = YES;
				GCC_WARN_UNINITIALIZED_AUTOS = YES_AGGRESSIVE;
				GCC_WARN_UNUSED_FUNCTION = YES;
				GCC_WARN_UNUSED_VARIABLE = YES;
				IPHONEOS_DEPLOYMENT_TARGET = 16.4;
				MTL_ENABLE_DEBUG_INFO = INCLUDE_SOURCE;
				MTL_FAST_MATH = YES;
				ONLY_ACTIVE_ARCH = YES;
				SDKROOT = iphoneos;
				SWIFT_ACTIVE_COMPILATION_CONDITIONS = DEBUG;
				SWIFT_OPTIMIZATION_LEVEL = "-Onone";
			};
			name = Debug;
		};
		43E943BF2AB9CDE0008F79B5 /* Release */ = {
			isa = XCBuildConfiguration;
			buildSettings = {
				ALWAYS_SEARCH_USER_PATHS = NO;
				ASSETCATALOG_COMPILER_GENERATE_SWIFT_ASSET_SYMBOL_EXTENSIONS = YES;
				CLANG_ANALYZER_NONNULL = YES;
				CLANG_ANALYZER_NUMBER_OBJECT_CONVERSION = YES_AGGRESSIVE;
				CLANG_CXX_LANGUAGE_STANDARD = "gnu++20";
				CLANG_ENABLE_MODULES = YES;
				CLANG_ENABLE_OBJC_ARC = YES;
				CLANG_ENABLE_OBJC_WEAK = YES;
				CLANG_WARN_BLOCK_CAPTURE_AUTORELEASING = YES;
				CLANG_WARN_BOOL_CONVERSION = YES;
				CLANG_WARN_COMMA = YES;
				CLANG_WARN_CONSTANT_CONVERSION = YES;
				CLANG_WARN_DEPRECATED_OBJC_IMPLEMENTATIONS = YES;
				CLANG_WARN_DIRECT_OBJC_ISA_USAGE = YES_ERROR;
				CLANG_WARN_DOCUMENTATION_COMMENTS = YES;
				CLANG_WARN_EMPTY_BODY = YES;
				CLANG_WARN_ENUM_CONVERSION = YES;
				CLANG_WARN_INFINITE_RECURSION = YES;
				CLANG_WARN_INT_CONVERSION = YES;
				CLANG_WARN_NON_LITERAL_NULL_CONVERSION = YES;
				CLANG_WARN_OBJC_IMPLICIT_RETAIN_SELF = YES;
				CLANG_WARN_OBJC_LITERAL_CONVERSION = YES;
				CLANG_WARN_OBJC_ROOT_CLASS = YES_ERROR;
				CLANG_WARN_QUOTED_INCLUDE_IN_FRAMEWORK_HEADER = YES;
				CLANG_WARN_RANGE_LOOP_ANALYSIS = YES;
				CLANG_WARN_STRICT_PROTOTYPES = YES;
				CLANG_WARN_SUSPICIOUS_MOVE = YES;
				CLANG_WARN_UNGUARDED_AVAILABILITY = YES_AGGRESSIVE;
				CLANG_WARN_UNREACHABLE_CODE = YES;
				CLANG_WARN__DUPLICATE_METHOD_MATCH = YES;
				COPY_PHASE_STRIP = NO;
				DEBUG_INFORMATION_FORMAT = "dwarf-with-dsym";
				ENABLE_NS_ASSERTIONS = NO;
				ENABLE_STRICT_OBJC_MSGSEND = YES;
				ENABLE_USER_SCRIPT_SANDBOXING = YES;
				GCC_C_LANGUAGE_STANDARD = gnu11;
				GCC_NO_COMMON_BLOCKS = YES;
				GCC_WARN_64_TO_32_BIT_CONVERSION = YES;
				GCC_WARN_ABOUT_RETURN_TYPE = YES_ERROR;
				GCC_WARN_UNDECLARED_SELECTOR = YES;
				GCC_WARN_UNINITIALIZED_AUTOS = YES_AGGRESSIVE;
				GCC_WARN_UNUSED_FUNCTION = YES;
				GCC_WARN_UNUSED_VARIABLE = YES;
				IPHONEOS_DEPLOYMENT_TARGET = 16.4;
				MTL_ENABLE_DEBUG_INFO = NO;
				MTL_FAST_MATH = YES;
				SDKROOT = iphoneos;
				SWIFT_COMPILATION_MODE = wholemodule;
				SWIFT_OPTIMIZATION_LEVEL = "-O";
				VALIDATE_PRODUCT = YES;
			};
			name = Release;
		};
		43E943C12AB9CDE0008F79B5 /* Debug */ = {
			isa = XCBuildConfiguration;
			buildSettings = {
				ASSETCATALOG_COMPILER_ALTERNATE_APPICON_NAMES = "AppIcon1 AppIcon2 AppIcon3 AppIcon4 AppIcon5 AppIcon6 AppIcon7 AppIcon8 AppIcon9 AppIcon10 AppIcon11 AppIcon12 AppIcon13 AppIcon14 AppIcon15 AppIcon16 AppIcon17 AppIcon18 AppIcon19 AppIcon20 AppIcon21 AppIcon22 AppIcon25 AppIcon24 AppIcon23";
				ASSETCATALOG_COMPILER_APPICON_NAME = AppIcon;
				ASSETCATALOG_COMPILER_GLOBAL_ACCENT_COLOR_NAME = AccentColor;
				ASSETCATALOG_COMPILER_INCLUDE_ALL_APPICON_ASSETS = YES;
				CODE_SIGN_ENTITLEMENTS = VocabularyAppFramework/VocabularyAppFramework.entitlements;
				CODE_SIGN_STYLE = Automatic;
				CURRENT_PROJECT_VERSION = 1;
				DEVELOPMENT_ASSET_PATHS = "\"VocabularyAppFramework/Preview Content\"";
				DEVELOPMENT_TEAM = YA24P24868;
				ENABLE_PREVIEWS = YES;
				FRAMEWORK_SEARCH_PATHS = "";
				GENERATE_INFOPLIST_FILE = YES;
				INFOPLIST_FILE = VocabularyAppFramework/Info.plist;
				INFOPLIST_KEY_CFBundleDisplayName = Words;
				INFOPLIST_KEY_LSApplicationCategoryType = "public.app-category.education";
				INFOPLIST_KEY_NSUserTrackingUsageDescription = "Your data will be used to deliver personalized ads.";
				INFOPLIST_KEY_UIApplicationSceneManifest_Generation = YES;
				INFOPLIST_KEY_UIApplicationSupportsIndirectInputEvents = YES;
				INFOPLIST_KEY_UILaunchScreen_Generation = YES;
				INFOPLIST_KEY_UISupportedInterfaceOrientations = UIInterfaceOrientationPortrait;
				INFOPLIST_KEY_UISupportedInterfaceOrientations_iPad = "UIInterfaceOrientationLandscapeLeft UIInterfaceOrientationLandscapeRight UIInterfaceOrientationPortrait UIInterfaceOrientationPortraitUpsideDown";
				INFOPLIST_KEY_UIUserInterfaceStyle = Light;
				IPHONEOS_DEPLOYMENT_TARGET = 17.6;
				LD_RUNPATH_SEARCH_PATHS = (
					"$(inherited)",
					"@executable_path/Frameworks",
				);
				MARKETING_VERSION = 3.0;
				PRODUCT_BUNDLE_IDENTIFIER = com.cortex.VocabularyAppFramework;
				PRODUCT_NAME = "$(TARGET_NAME)";
				SWIFT_EMIT_LOC_STRINGS = YES;
				SWIFT_VERSION = 5.0;
				TARGETED_DEVICE_FAMILY = "1,2";
			};
			name = Debug;
		};
		43E943C22AB9CDE0008F79B5 /* Release */ = {
			isa = XCBuildConfiguration;
			buildSettings = {
				ASSETCATALOG_COMPILER_ALTERNATE_APPICON_NAMES = "AppIcon1 AppIcon2 AppIcon3 AppIcon4 AppIcon5 AppIcon6 AppIcon7 AppIcon8 AppIcon9 AppIcon10 AppIcon11 AppIcon12 AppIcon13 AppIcon14 AppIcon15 AppIcon16 AppIcon17 AppIcon18 AppIcon19 AppIcon20 AppIcon21 AppIcon22 AppIcon25 AppIcon24 AppIcon23";
				ASSETCATALOG_COMPILER_APPICON_NAME = AppIcon;
				ASSETCATALOG_COMPILER_GLOBAL_ACCENT_COLOR_NAME = AccentColor;
				ASSETCATALOG_COMPILER_INCLUDE_ALL_APPICON_ASSETS = YES;
				CODE_SIGN_ENTITLEMENTS = VocabularyAppFramework/VocabularyAppFramework.entitlements;
				CODE_SIGN_STYLE = Automatic;
				CURRENT_PROJECT_VERSION = 1;
				DEVELOPMENT_ASSET_PATHS = "\"VocabularyAppFramework/Preview Content\"";
				DEVELOPMENT_TEAM = YA24P24868;
				ENABLE_PREVIEWS = YES;
				FRAMEWORK_SEARCH_PATHS = "";
				GENERATE_INFOPLIST_FILE = YES;
				INFOPLIST_FILE = VocabularyAppFramework/Info.plist;
				INFOPLIST_KEY_CFBundleDisplayName = Words;
				INFOPLIST_KEY_LSApplicationCategoryType = "public.app-category.education";
				INFOPLIST_KEY_NSUserTrackingUsageDescription = "Your data will be used to deliver personalized ads.";
				INFOPLIST_KEY_UIApplicationSceneManifest_Generation = YES;
				INFOPLIST_KEY_UIApplicationSupportsIndirectInputEvents = YES;
				INFOPLIST_KEY_UILaunchScreen_Generation = YES;
				INFOPLIST_KEY_UISupportedInterfaceOrientations = UIInterfaceOrientationPortrait;
				INFOPLIST_KEY_UISupportedInterfaceOrientations_iPad = "UIInterfaceOrientationLandscapeLeft UIInterfaceOrientationLandscapeRight UIInterfaceOrientationPortrait UIInterfaceOrientationPortraitUpsideDown";
				INFOPLIST_KEY_UIUserInterfaceStyle = Light;
				IPHONEOS_DEPLOYMENT_TARGET = 17.6;
				LD_RUNPATH_SEARCH_PATHS = (
					"$(inherited)",
					"@executable_path/Frameworks",
				);
				MARKETING_VERSION = 3.0;
				PRODUCT_BUNDLE_IDENTIFIER = com.cortex.VocabularyAppFramework;
				PRODUCT_NAME = "$(TARGET_NAME)";
				SWIFT_EMIT_LOC_STRINGS = YES;
				SWIFT_VERSION = 5.0;
				TARGETED_DEVICE_FAMILY = "1,2";
			};
			name = Release;
		};
/* End XCBuildConfiguration section */

/* Begin XCConfigurationList section */
		43E943AD2AB9CDDF008F79B5 /* Build configuration list for PBXProject "VocabularyAppFramework" */ = {
			isa = XCConfigurationList;
			buildConfigurations = (
				43E943BE2AB9CDE0008F79B5 /* Debug */,
				43E943BF2AB9CDE0008F79B5 /* Release */,
			);
			defaultConfigurationIsVisible = 0;
			defaultConfigurationName = Release;
		};
		43E943C02AB9CDE0008F79B5 /* Build configuration list for PBXNativeTarget "VocabularyAppFramework" */ = {
			isa = XCConfigurationList;
			buildConfigurations = (
				43E943C12AB9CDE0008F79B5 /* Debug */,
				43E943C22AB9CDE0008F79B5 /* Release */,
			);
			defaultConfigurationIsVisible = 0;
			defaultConfigurationName = Release;
		};
/* End XCConfigurationList section */

/* Begin XCRemoteSwiftPackageReference section */
		43C3D5412ACFFE1F002FC3EE /* XCRemoteSwiftPackageReference "facebook-ios-sdk" */ = {
			isa = XCRemoteSwiftPackageReference;
			repositoryURL = "https://github.com/facebook/facebook-ios-sdk";
			requirement = {
				kind = upToNextMajorVersion;
				minimumVersion = 14.1.0;
			};
		};
/* End XCRemoteSwiftPackageReference section */
	};
	rootObject = 43E943AA2AB9CDDF008F79B5 /* Project object */;
}
